// !$*UTF8*$!
{
	archiveVersion = 1;
	classes = {
	};
	objectVersion = 48;
	objects = {

/* Begin PBXBuildFile section */
		2422EEF21FD4A21A00454C08 /* AppDelegate.swift in Sources */ = {isa = PBXBuildFile; fileRef = 2422EEF11FD4A21A00454C08 /* AppDelegate.swift */; };
		2422EEF41FD4A21A00454C08 /* ViewController.swift in Sources */ = {isa = PBXBuildFile; fileRef = 2422EEF31FD4A21A00454C08 /* ViewController.swift */; };
		2422EEF71FD4A21A00454C08 /* Main.storyboard in Resources */ = {isa = PBXBuildFile; fileRef = 2422EEF51FD4A21A00454C08 /* Main.storyboard */; };
		2422EEF91FD4A21A00454C08 /* Assets.xcassets in Resources */ = {isa = PBXBuildFile; fileRef = 2422EEF81FD4A21A00454C08 /* Assets.xcassets */; };
		2422EEFC1FD4A21A00454C08 /* LaunchScreen.storyboard in Resources */ = {isa = PBXBuildFile; fileRef = 2422EEFA1FD4A21A00454C08 /* LaunchScreen.storyboard */; };
		2422EF071FD4A21A00454C08 /* IfCryptoTests.swift in Sources */ = {isa = PBXBuildFile; fileRef = 2422EF061FD4A21A00454C08 /* IfCryptoTests.swift */; };
		2422EF121FD4A21A00454C08 /* IfCryptoUITests.swift in Sources */ = {isa = PBXBuildFile; fileRef = 2422EF111FD4A21A00454C08 /* IfCryptoUITests.swift */; };
		2422EF221FD4C2FE00454C08 /* bitcoinData.json in Resources */ = {isa = PBXBuildFile; fileRef = 2422EF211FD4C2FD00454C08 /* bitcoinData.json */; };
		2422EF241FD4CB4400454C08 /* CalendarSegue.swift in Sources */ = {isa = PBXBuildFile; fileRef = 2422EF231FD4CB4400454C08 /* CalendarSegue.swift */; };
		2422EF261FD7A20F00454C08 /* UnitSelectorViewController.swift in Sources */ = {isa = PBXBuildFile; fileRef = 2422EF251FD7A20F00454C08 /* UnitSelectorViewController.swift */; };
		247F6D881FE375A700B6F7AD /* IntroVC.swift in Sources */ = {isa = PBXBuildFile; fileRef = 247F6D871FE375A700B6F7AD /* IntroVC.swift */; };
		24F41C811FE379A100077EB7 /* CalendarVC.swift in Sources */ = {isa = PBXBuildFile; fileRef = 24F41C801FE379A100077EB7 /* CalendarVC.swift */; };
		24F41C831FE37B0400077EB7 /* BoughtAmountVC.swift in Sources */ = {isa = PBXBuildFile; fileRef = 24F41C821FE37B0400077EB7 /* BoughtAmountVC.swift */; };
		24F41C851FE3805D00077EB7 /* CalculateVC.swift in Sources */ = {isa = PBXBuildFile; fileRef = 24F41C841FE3805D00077EB7 /* CalculateVC.swift */; };
		3F9B9BF2A34EB9DA0DDAEF03 /* Pods_IfCrypto.framework in Frameworks */ = {isa = PBXBuildFile; fileRef = 40B0373268A1C19186A920DD /* Pods_IfCrypto.framework */; };
		4964644D3A5F5B873CF7E363 /* Pods_IfCryptoTests.framework in Frameworks */ = {isa = PBXBuildFile; fileRef = EFFE0111BCCB8133BB3DD90E /* Pods_IfCryptoTests.framework */; };
		8181117B52BA3539ED92DBC0 /* Pods_IfCryptoUITests.framework in Frameworks */ = {isa = PBXBuildFile; fileRef = 6813EA6AC47BDBEBE5E55CCA /* Pods_IfCryptoUITests.framework */; };
/* End PBXBuildFile section */

/* Begin PBXContainerItemProxy section */
		2422EF031FD4A21A00454C08 /* PBXContainerItemProxy */ = {
			isa = PBXContainerItemProxy;
			containerPortal = 2422EEE61FD4A21A00454C08 /* Project object */;
			proxyType = 1;
			remoteGlobalIDString = 2422EEED1FD4A21A00454C08;
			remoteInfo = IfCrypto;
		};
		2422EF0E1FD4A21A00454C08 /* PBXContainerItemProxy */ = {
			isa = PBXContainerItemProxy;
			containerPortal = 2422EEE61FD4A21A00454C08 /* Project object */;
			proxyType = 1;
			remoteGlobalIDString = 2422EEED1FD4A21A00454C08;
			remoteInfo = IfCrypto;
		};
/* End PBXContainerItemProxy section */

/* Begin PBXFileReference section */
		2422EEEE1FD4A21A00454C08 /* IfCrypto.app */ = {isa = PBXFileReference; explicitFileType = wrapper.application; includeInIndex = 0; path = IfCrypto.app; sourceTree = BUILT_PRODUCTS_DIR; };
		2422EEF11FD4A21A00454C08 /* AppDelegate.swift */ = {isa = PBXFileReference; lastKnownFileType = sourcecode.swift; path = AppDelegate.swift; sourceTree = "<group>"; };
		2422EEF31FD4A21A00454C08 /* ViewController.swift */ = {isa = PBXFileReference; lastKnownFileType = sourcecode.swift; path = ViewController.swift; sourceTree = "<group>"; };
		2422EEF61FD4A21A00454C08 /* Base */ = {isa = PBXFileReference; lastKnownFileType = file.storyboard; name = Base; path = Base.lproj/Main.storyboard; sourceTree = "<group>"; };
		2422EEF81FD4A21A00454C08 /* Assets.xcassets */ = {isa = PBXFileReference; lastKnownFileType = folder.assetcatalog; path = Assets.xcassets; sourceTree = "<group>"; };
		2422EEFB1FD4A21A00454C08 /* Base */ = {isa = PBXFileReference; lastKnownFileType = file.storyboard; name = Base; path = Base.lproj/LaunchScreen.storyboard; sourceTree = "<group>"; };
		2422EEFD1FD4A21A00454C08 /* Info.plist */ = {isa = PBXFileReference; lastKnownFileType = text.plist.xml; path = Info.plist; sourceTree = "<group>"; };
		2422EF021FD4A21A00454C08 /* IfCryptoTests.xctest */ = {isa = PBXFileReference; explicitFileType = wrapper.cfbundle; includeInIndex = 0; path = IfCryptoTests.xctest; sourceTree = BUILT_PRODUCTS_DIR; };
		2422EF061FD4A21A00454C08 /* IfCryptoTests.swift */ = {isa = PBXFileReference; lastKnownFileType = sourcecode.swift; path = IfCryptoTests.swift; sourceTree = "<group>"; };
		2422EF081FD4A21A00454C08 /* Info.plist */ = {isa = PBXFileReference; lastKnownFileType = text.plist.xml; path = Info.plist; sourceTree = "<group>"; };
		2422EF0D1FD4A21A00454C08 /* IfCryptoUITests.xctest */ = {isa = PBXFileReference; explicitFileType = wrapper.cfbundle; includeInIndex = 0; path = IfCryptoUITests.xctest; sourceTree = BUILT_PRODUCTS_DIR; };
		2422EF111FD4A21A00454C08 /* IfCryptoUITests.swift */ = {isa = PBXFileReference; lastKnownFileType = sourcecode.swift; path = IfCryptoUITests.swift; sourceTree = "<group>"; };
		2422EF131FD4A21A00454C08 /* Info.plist */ = {isa = PBXFileReference; lastKnownFileType = text.plist.xml; path = Info.plist; sourceTree = "<group>"; };
		2422EF211FD4C2FD00454C08 /* bitcoinData.json */ = {isa = PBXFileReference; fileEncoding = 4; lastKnownFileType = text.json; name = bitcoinData.json; path = ../../../../../PycharmProjects/untitled/bitcoinData.json; sourceTree = "<group>"; };
		2422EF231FD4CB4400454C08 /* CalendarSegue.swift */ = {isa = PBXFileReference; lastKnownFileType = sourcecode.swift; path = CalendarSegue.swift; sourceTree = "<group>"; };
		2422EF251FD7A20F00454C08 /* UnitSelectorViewController.swift */ = {isa = PBXFileReference; lastKnownFileType = sourcecode.swift; path = UnitSelectorViewController.swift; sourceTree = "<group>"; };
		247F6D871FE375A700B6F7AD /* IntroVC.swift */ = {isa = PBXFileReference; lastKnownFileType = sourcecode.swift; path = IntroVC.swift; sourceTree = "<group>"; };
		24F41C801FE379A100077EB7 /* CalendarVC.swift */ = {isa = PBXFileReference; lastKnownFileType = sourcecode.swift; path = CalendarVC.swift; sourceTree = "<group>"; };
		24F41C821FE37B0400077EB7 /* BoughtAmountVC.swift */ = {isa = PBXFileReference; lastKnownFileType = sourcecode.swift; path = BoughtAmountVC.swift; sourceTree = "<group>"; };
		24F41C841FE3805D00077EB7 /* CalculateVC.swift */ = {isa = PBXFileReference; lastKnownFileType = sourcecode.swift; path = CalculateVC.swift; sourceTree = "<group>"; };
		26E77D56AE477519851A0B9D /* Pods-IfCryptoUITests.debug.xcconfig */ = {isa = PBXFileReference; includeInIndex = 1; lastKnownFileType = text.xcconfig; name = "Pods-IfCryptoUITests.debug.xcconfig"; path = "Pods/Target Support Files/Pods-IfCryptoUITests/Pods-IfCryptoUITests.debug.xcconfig"; sourceTree = "<group>"; };
		40B0373268A1C19186A920DD /* Pods_IfCrypto.framework */ = {isa = PBXFileReference; explicitFileType = wrapper.framework; includeInIndex = 0; path = Pods_IfCrypto.framework; sourceTree = BUILT_PRODUCTS_DIR; };
		438FF44DC5C790777A65F4CE /* Pods-IfCryptoTests.release.xcconfig */ = {isa = PBXFileReference; includeInIndex = 1; lastKnownFileType = text.xcconfig; name = "Pods-IfCryptoTests.release.xcconfig"; path = "Pods/Target Support Files/Pods-IfCryptoTests/Pods-IfCryptoTests.release.xcconfig"; sourceTree = "<group>"; };
		53855BC206A0D22D034A1C61 /* Pods-IfCrypto.release.xcconfig */ = {isa = PBXFileReference; includeInIndex = 1; lastKnownFileType = text.xcconfig; name = "Pods-IfCrypto.release.xcconfig"; path = "Pods/Target Support Files/Pods-IfCrypto/Pods-IfCrypto.release.xcconfig"; sourceTree = "<group>"; };
		6813EA6AC47BDBEBE5E55CCA /* Pods_IfCryptoUITests.framework */ = {isa = PBXFileReference; explicitFileType = wrapper.framework; includeInIndex = 0; path = Pods_IfCryptoUITests.framework; sourceTree = BUILT_PRODUCTS_DIR; };
		8E6A1876B010840724A1991C /* Pods-IfCryptoTests.debug.xcconfig */ = {isa = PBXFileReference; includeInIndex = 1; lastKnownFileType = text.xcconfig; name = "Pods-IfCryptoTests.debug.xcconfig"; path = "Pods/Target Support Files/Pods-IfCryptoTests/Pods-IfCryptoTests.debug.xcconfig"; sourceTree = "<group>"; };
		9F6E2B111F4F5A381EF72E17 /* Pods-IfCryptoUITests.release.xcconfig */ = {isa = PBXFileReference; includeInIndex = 1; lastKnownFileType = text.xcconfig; name = "Pods-IfCryptoUITests.release.xcconfig"; path = "Pods/Target Support Files/Pods-IfCryptoUITests/Pods-IfCryptoUITests.release.xcconfig"; sourceTree = "<group>"; };
		C51D0218E02C12F081021EC2 /* Pods-IfCrypto.debug.xcconfig */ = {isa = PBXFileReference; includeInIndex = 1; lastKnownFileType = text.xcconfig; name = "Pods-IfCrypto.debug.xcconfig"; path = "Pods/Target Support Files/Pods-IfCrypto/Pods-IfCrypto.debug.xcconfig"; sourceTree = "<group>"; };
		EFFE0111BCCB8133BB3DD90E /* Pods_IfCryptoTests.framework */ = {isa = PBXFileReference; explicitFileType = wrapper.framework; includeInIndex = 0; path = Pods_IfCryptoTests.framework; sourceTree = BUILT_PRODUCTS_DIR; };
/* End PBXFileReference section */

/* Begin PBXFrameworksBuildPhase section */
		2422EEEB1FD4A21A00454C08 /* Frameworks */ = {
			isa = PBXFrameworksBuildPhase;
			buildActionMask = 2147483647;
			files = (
				3F9B9BF2A34EB9DA0DDAEF03 /* Pods_IfCrypto.framework in Frameworks */,
			);
			runOnlyForDeploymentPostprocessing = 0;
		};
		2422EEFF1FD4A21A00454C08 /* Frameworks */ = {
			isa = PBXFrameworksBuildPhase;
			buildActionMask = 2147483647;
			files = (
				4964644D3A5F5B873CF7E363 /* Pods_IfCryptoTests.framework in Frameworks */,
			);
			runOnlyForDeploymentPostprocessing = 0;
		};
		2422EF0A1FD4A21A00454C08 /* Frameworks */ = {
			isa = PBXFrameworksBuildPhase;
			buildActionMask = 2147483647;
			files = (
				8181117B52BA3539ED92DBC0 /* Pods_IfCryptoUITests.framework in Frameworks */,
			);
			runOnlyForDeploymentPostprocessing = 0;
		};
/* End PBXFrameworksBuildPhase section */

/* Begin PBXGroup section */
		2422EEE51FD4A21A00454C08 = {
			isa = PBXGroup;
			children = (
				2422EEF01FD4A21A00454C08 /* IfCrypto */,
				2422EF051FD4A21A00454C08 /* IfCryptoTests */,
				2422EF101FD4A21A00454C08 /* IfCryptoUITests */,
				2422EEEF1FD4A21A00454C08 /* Products */,
				43881E3085F5E9969CF1C94D /* Pods */,
				48A3FE2600FB177DE11AB502 /* Frameworks */,
			);
			sourceTree = "<group>";
		};
		2422EEEF1FD4A21A00454C08 /* Products */ = {
			isa = PBXGroup;
			children = (
				2422EEEE1FD4A21A00454C08 /* IfCrypto.app */,
				2422EF021FD4A21A00454C08 /* IfCryptoTests.xctest */,
				2422EF0D1FD4A21A00454C08 /* IfCryptoUITests.xctest */,
			);
			name = Products;
			sourceTree = "<group>";
		};
		2422EEF01FD4A21A00454C08 /* IfCrypto */ = {
			isa = PBXGroup;
			children = (
				2422EF211FD4C2FD00454C08 /* bitcoinData.json */,
				2422EEF11FD4A21A00454C08 /* AppDelegate.swift */,
				2422EEF31FD4A21A00454C08 /* ViewController.swift */,
				2422EEF51FD4A21A00454C08 /* Main.storyboard */,
				2422EF231FD4CB4400454C08 /* CalendarSegue.swift */,
				2422EEF81FD4A21A00454C08 /* Assets.xcassets */,
				2422EEFA1FD4A21A00454C08 /* LaunchScreen.storyboard */,
				2422EEFD1FD4A21A00454C08 /* Info.plist */,
				2422EF251FD7A20F00454C08 /* UnitSelectorViewController.swift */,
				247F6D871FE375A700B6F7AD /* IntroVC.swift */,
				24F41C801FE379A100077EB7 /* CalendarVC.swift */,
				24F41C821FE37B0400077EB7 /* BoughtAmountVC.swift */,
				24F41C841FE3805D00077EB7 /* CalculateVC.swift */,
			);
			path = IfCrypto;
			sourceTree = "<group>";
		};
		2422EF051FD4A21A00454C08 /* IfCryptoTests */ = {
			isa = PBXGroup;
			children = (
				2422EF061FD4A21A00454C08 /* IfCryptoTests.swift */,
				2422EF081FD4A21A00454C08 /* Info.plist */,
			);
			path = IfCryptoTests;
			sourceTree = "<group>";
		};
		2422EF101FD4A21A00454C08 /* IfCryptoUITests */ = {
			isa = PBXGroup;
			children = (
				2422EF111FD4A21A00454C08 /* IfCryptoUITests.swift */,
				2422EF131FD4A21A00454C08 /* Info.plist */,
			);
			path = IfCryptoUITests;
			sourceTree = "<group>";
		};
		43881E3085F5E9969CF1C94D /* Pods */ = {
			isa = PBXGroup;
			children = (
				C51D0218E02C12F081021EC2 /* Pods-IfCrypto.debug.xcconfig */,
				53855BC206A0D22D034A1C61 /* Pods-IfCrypto.release.xcconfig */,
				8E6A1876B010840724A1991C /* Pods-IfCryptoTests.debug.xcconfig */,
				438FF44DC5C790777A65F4CE /* Pods-IfCryptoTests.release.xcconfig */,
				26E77D56AE477519851A0B9D /* Pods-IfCryptoUITests.debug.xcconfig */,
				9F6E2B111F4F5A381EF72E17 /* Pods-IfCryptoUITests.release.xcconfig */,
			);
			name = Pods;
			sourceTree = "<group>";
		};
		48A3FE2600FB177DE11AB502 /* Frameworks */ = {
			isa = PBXGroup;
			children = (
				40B0373268A1C19186A920DD /* Pods_IfCrypto.framework */,
				EFFE0111BCCB8133BB3DD90E /* Pods_IfCryptoTests.framework */,
				6813EA6AC47BDBEBE5E55CCA /* Pods_IfCryptoUITests.framework */,
			);
			name = Frameworks;
			sourceTree = "<group>";
		};
/* End PBXGroup section */

/* Begin PBXNativeTarget section */
		2422EEED1FD4A21A00454C08 /* IfCrypto */ = {
			isa = PBXNativeTarget;
			buildConfigurationList = 2422EF161FD4A21A00454C08 /* Build configuration list for PBXNativeTarget "IfCrypto" */;
			buildPhases = (
				C39AA6BFAB1C70C14D7F6A02 /* [CP] Check Pods Manifest.lock */,
				2422EEEA1FD4A21A00454C08 /* Sources */,
				2422EEEB1FD4A21A00454C08 /* Frameworks */,
				2422EEEC1FD4A21A00454C08 /* Resources */,
				FA1201EF0056B44AF449DFC4 /* [CP] Embed Pods Frameworks */,
				4CDD6F9131B11AA12EC30DD9 /* [CP] Copy Pods Resources */,
			);
			buildRules = (
			);
			dependencies = (
			);
			name = IfCrypto;
			productName = IfCrypto;
			productReference = 2422EEEE1FD4A21A00454C08 /* IfCrypto.app */;
			productType = "com.apple.product-type.application";
		};
		2422EF011FD4A21A00454C08 /* IfCryptoTests */ = {
			isa = PBXNativeTarget;
			buildConfigurationList = 2422EF191FD4A21A00454C08 /* Build configuration list for PBXNativeTarget "IfCryptoTests" */;
			buildPhases = (
				6FE1EA7EDE84811D0F2BAB77 /* [CP] Check Pods Manifest.lock */,
				2422EEFE1FD4A21A00454C08 /* Sources */,
				2422EEFF1FD4A21A00454C08 /* Frameworks */,
				2422EF001FD4A21A00454C08 /* Resources */,
				71DA9DD4983CFC4C0A7B3E65 /* [CP] Embed Pods Frameworks */,
				9D254F6E2CA1CED93C53A076 /* [CP] Copy Pods Resources */,
			);
			buildRules = (
			);
			dependencies = (
				2422EF041FD4A21A00454C08 /* PBXTargetDependency */,
			);
			name = IfCryptoTests;
			productName = IfCryptoTests;
			productReference = 2422EF021FD4A21A00454C08 /* IfCryptoTests.xctest */;
			productType = "com.apple.product-type.bundle.unit-test";
		};
		2422EF0C1FD4A21A00454C08 /* IfCryptoUITests */ = {
			isa = PBXNativeTarget;
			buildConfigurationList = 2422EF1C1FD4A21A00454C08 /* Build configuration list for PBXNativeTarget "IfCryptoUITests" */;
			buildPhases = (
				768D6D3012135EF626DC34F3 /* [CP] Check Pods Manifest.lock */,
				2422EF091FD4A21A00454C08 /* Sources */,
				2422EF0A1FD4A21A00454C08 /* Frameworks */,
				2422EF0B1FD4A21A00454C08 /* Resources */,
				A37767B1B7F276EE7E6A8684 /* [CP] Embed Pods Frameworks */,
				0E68344DC73F8ACD1A196CEB /* [CP] Copy Pods Resources */,
			);
			buildRules = (
			);
			dependencies = (
				2422EF0F1FD4A21A00454C08 /* PBXTargetDependency */,
			);
			name = IfCryptoUITests;
			productName = IfCryptoUITests;
			productReference = 2422EF0D1FD4A21A00454C08 /* IfCryptoUITests.xctest */;
			productType = "com.apple.product-type.bundle.ui-testing";
		};
/* End PBXNativeTarget section */

/* Begin PBXProject section */
		2422EEE61FD4A21A00454C08 /* Project object */ = {
			isa = PBXProject;
			attributes = {
				LastSwiftUpdateCheck = 0920;
				LastUpgradeCheck = 0920;
				ORGANIZATIONNAME = ModalApps;
				TargetAttributes = {
					2422EEED1FD4A21A00454C08 = {
						CreatedOnToolsVersion = 9.2;
						ProvisioningStyle = Automatic;
					};
					2422EF011FD4A21A00454C08 = {
						CreatedOnToolsVersion = 9.2;
						ProvisioningStyle = Automatic;
						TestTargetID = 2422EEED1FD4A21A00454C08;
					};
					2422EF0C1FD4A21A00454C08 = {
						CreatedOnToolsVersion = 9.2;
						ProvisioningStyle = Automatic;
						TestTargetID = 2422EEED1FD4A21A00454C08;
					};
				};
			};
			buildConfigurationList = 2422EEE91FD4A21A00454C08 /* Build configuration list for PBXProject "IfCrypto" */;
			compatibilityVersion = "Xcode 8.0";
			developmentRegion = en;
			hasScannedForEncodings = 0;
			knownRegions = (
				en,
				Base,
			);
			mainGroup = 2422EEE51FD4A21A00454C08;
			productRefGroup = 2422EEEF1FD4A21A00454C08 /* Products */;
			projectDirPath = "";
			projectRoot = "";
			targets = (
				2422EEED1FD4A21A00454C08 /* IfCrypto */,
				2422EF011FD4A21A00454C08 /* IfCryptoTests */,
				2422EF0C1FD4A21A00454C08 /* IfCryptoUITests */,
			);
		};
/* End PBXProject section */

/* Begin PBXResourcesBuildPhase section */
		2422EEEC1FD4A21A00454C08 /* Resources */ = {
			isa = PBXResourcesBuildPhase;
			buildActionMask = 2147483647;
			files = (
				2422EEFC1FD4A21A00454C08 /* LaunchScreen.storyboard in Resources */,
				2422EEF91FD4A21A00454C08 /* Assets.xcassets in Resources */,
				2422EF221FD4C2FE00454C08 /* bitcoinData.json in Resources */,
				2422EEF71FD4A21A00454C08 /* Main.storyboard in Resources */,
			);
			runOnlyForDeploymentPostprocessing = 0;
		};
		2422EF001FD4A21A00454C08 /* Resources */ = {
			isa = PBXResourcesBuildPhase;
			buildActionMask = 2147483647;
			files = (
			);
			runOnlyForDeploymentPostprocessing = 0;
		};
		2422EF0B1FD4A21A00454C08 /* Resources */ = {
			isa = PBXResourcesBuildPhase;
			buildActionMask = 2147483647;
			files = (
			);
			runOnlyForDeploymentPostprocessing = 0;
		};
/* End PBXResourcesBuildPhase section */

/* Begin PBXShellScriptBuildPhase section */
		0E68344DC73F8ACD1A196CEB /* [CP] Copy Pods Resources */ = {
			isa = PBXShellScriptBuildPhase;
			buildActionMask = 2147483647;
			files = (
			);
			inputPaths = (
			);
			name = "[CP] Copy Pods Resources";
			outputPaths = (
			);
			runOnlyForDeploymentPostprocessing = 0;
			shellPath = /bin/sh;
			shellScript = "\"${SRCROOT}/Pods/Target Support Files/Pods-IfCryptoUITests/Pods-IfCryptoUITests-resources.sh\"\n";
			showEnvVarsInLog = 0;
		};
		4CDD6F9131B11AA12EC30DD9 /* [CP] Copy Pods Resources */ = {
			isa = PBXShellScriptBuildPhase;
			buildActionMask = 2147483647;
			files = (
			);
			inputPaths = (
			);
			name = "[CP] Copy Pods Resources";
			outputPaths = (
			);
			runOnlyForDeploymentPostprocessing = 0;
			shellPath = /bin/sh;
			shellScript = "\"${SRCROOT}/Pods/Target Support Files/Pods-IfCrypto/Pods-IfCrypto-resources.sh\"\n";
			showEnvVarsInLog = 0;
		};
		6FE1EA7EDE84811D0F2BAB77 /* [CP] Check Pods Manifest.lock */ = {
			isa = PBXShellScriptBuildPhase;
			buildActionMask = 2147483647;
			files = (
			);
			inputPaths = (
				"${PODS_PODFILE_DIR_PATH}/Podfile.lock",
				"${PODS_ROOT}/Manifest.lock",
			);
			name = "[CP] Check Pods Manifest.lock";
			outputPaths = (
				"$(DERIVED_FILE_DIR)/Pods-IfCryptoTests-checkManifestLockResult.txt",
			);
			runOnlyForDeploymentPostprocessing = 0;
			shellPath = /bin/sh;
			shellScript = "diff \"${PODS_PODFILE_DIR_PATH}/Podfile.lock\" \"${PODS_ROOT}/Manifest.lock\" > /dev/null\nif [ $? != 0 ] ; then\n    # print error to STDERR\n    echo \"error: The sandbox is not in sync with the Podfile.lock. Run 'pod install' or update your CocoaPods installation.\" >&2\n    exit 1\nfi\n# This output is used by Xcode 'outputs' to avoid re-running this script phase.\necho \"SUCCESS\" > \"${SCRIPT_OUTPUT_FILE_0}\"\n";
			showEnvVarsInLog = 0;
		};
		71DA9DD4983CFC4C0A7B3E65 /* [CP] Embed Pods Frameworks */ = {
			isa = PBXShellScriptBuildPhase;
			buildActionMask = 2147483647;
			files = (
			);
			inputPaths = (
			);
			name = "[CP] Embed Pods Frameworks";
			outputPaths = (
			);
			runOnlyForDeploymentPostprocessing = 0;
			shellPath = /bin/sh;
			shellScript = "\"${SRCROOT}/Pods/Target Support Files/Pods-IfCryptoTests/Pods-IfCryptoTests-frameworks.sh\"\n";
			showEnvVarsInLog = 0;
		};
		768D6D3012135EF626DC34F3 /* [CP] Check Pods Manifest.lock */ = {
			isa = PBXShellScriptBuildPhase;
			buildActionMask = 2147483647;
			files = (
			);
			inputPaths = (
				"${PODS_PODFILE_DIR_PATH}/Podfile.lock",
				"${PODS_ROOT}/Manifest.lock",
			);
			name = "[CP] Check Pods Manifest.lock";
			outputPaths = (
				"$(DERIVED_FILE_DIR)/Pods-IfCryptoUITests-checkManifestLockResult.txt",
			);
			runOnlyForDeploymentPostprocessing = 0;
			shellPath = /bin/sh;
			shellScript = "diff \"${PODS_PODFILE_DIR_PATH}/Podfile.lock\" \"${PODS_ROOT}/Manifest.lock\" > /dev/null\nif [ $? != 0 ] ; then\n    # print error to STDERR\n    echo \"error: The sandbox is not in sync with the Podfile.lock. Run 'pod install' or update your CocoaPods installation.\" >&2\n    exit 1\nfi\n# This output is used by Xcode 'outputs' to avoid re-running this script phase.\necho \"SUCCESS\" > \"${SCRIPT_OUTPUT_FILE_0}\"\n";
			showEnvVarsInLog = 0;
		};
		9D254F6E2CA1CED93C53A076 /* [CP] Copy Pods Resources */ = {
			isa = PBXShellScriptBuildPhase;
			buildActionMask = 2147483647;
			files = (
			);
			inputPaths = (
			);
			name = "[CP] Copy Pods Resources";
			outputPaths = (
			);
			runOnlyForDeploymentPostprocessing = 0;
			shellPath = /bin/sh;
			shellScript = "\"${SRCROOT}/Pods/Target Support Files/Pods-IfCryptoTests/Pods-IfCryptoTests-resources.sh\"\n";
			showEnvVarsInLog = 0;
		};
		A37767B1B7F276EE7E6A8684 /* [CP] Embed Pods Frameworks */ = {
			isa = PBXShellScriptBuildPhase;
			buildActionMask = 2147483647;
			files = (
			);
			inputPaths = (
			);
			name = "[CP] Embed Pods Frameworks";
			outputPaths = (
			);
			runOnlyForDeploymentPostprocessing = 0;
			shellPath = /bin/sh;
			shellScript = "\"${SRCROOT}/Pods/Target Support Files/Pods-IfCryptoUITests/Pods-IfCryptoUITests-frameworks.sh\"\n";
			showEnvVarsInLog = 0;
		};
		C39AA6BFAB1C70C14D7F6A02 /* [CP] Check Pods Manifest.lock */ = {
			isa = PBXShellScriptBuildPhase;
			buildActionMask = 2147483647;
			files = (
			);
			inputPaths = (
				"${PODS_PODFILE_DIR_PATH}/Podfile.lock",
				"${PODS_ROOT}/Manifest.lock",
			);
			name = "[CP] Check Pods Manifest.lock";
			outputPaths = (
				"$(DERIVED_FILE_DIR)/Pods-IfCrypto-checkManifestLockResult.txt",
			);
			runOnlyForDeploymentPostprocessing = 0;
			shellPath = /bin/sh;
			shellScript = "diff \"${PODS_PODFILE_DIR_PATH}/Podfile.lock\" \"${PODS_ROOT}/Manifest.lock\" > /dev/null\nif [ $? != 0 ] ; then\n    # print error to STDERR\n    echo \"error: The sandbox is not in sync with the Podfile.lock. Run 'pod install' or update your CocoaPods installation.\" >&2\n    exit 1\nfi\n# This output is used by Xcode 'outputs' to avoid re-running this script phase.\necho \"SUCCESS\" > \"${SCRIPT_OUTPUT_FILE_0}\"\n";
			showEnvVarsInLog = 0;
		};
		FA1201EF0056B44AF449DFC4 /* [CP] Embed Pods Frameworks */ = {
			isa = PBXShellScriptBuildPhase;
			buildActionMask = 2147483647;
			files = (
			);
			inputPaths = (
				"${SRCROOT}/Pods/Target Support Files/Pods-IfCrypto/Pods-IfCrypto-frameworks.sh",
				"${BUILT_PRODUCTS_DIR}/Alamofire/Alamofire.framework",
				"${BUILT_PRODUCTS_DIR}/Charts/Charts.framework",
				"${BUILT_PRODUCTS_DIR}/FSCalendar/FSCalendar.framework",
				"${BUILT_PRODUCTS_DIR}/LGButton/LGButton.framework",
				"${BUILT_PRODUCTS_DIR}/SnapKit/SnapKit.framework",
				"${BUILT_PRODUCTS_DIR}/SwiftyJSON/SwiftyJSON.framework",
			);
			name = "[CP] Embed Pods Frameworks";
			outputPaths = (
				"${TARGET_BUILD_DIR}/${FRAMEWORKS_FOLDER_PATH}/Alamofire.framework",
				"${TARGET_BUILD_DIR}/${FRAMEWORKS_FOLDER_PATH}/Charts.framework",
				"${TARGET_BUILD_DIR}/${FRAMEWORKS_FOLDER_PATH}/FSCalendar.framework",
				"${TARGET_BUILD_DIR}/${FRAMEWORKS_FOLDER_PATH}/LGButton.framework",
				"${TARGET_BUILD_DIR}/${FRAMEWORKS_FOLDER_PATH}/SnapKit.framework",
				"${TARGET_BUILD_DIR}/${FRAMEWORKS_FOLDER_PATH}/SwiftyJSON.framework",
			);
			runOnlyForDeploymentPostprocessing = 0;
			shellPath = /bin/sh;
			shellScript = "\"${SRCROOT}/Pods/Target Support Files/Pods-IfCrypto/Pods-IfCrypto-frameworks.sh\"\n";
			showEnvVarsInLog = 0;
		};
/* End PBXShellScriptBuildPhase section */

/* Begin PBXSourcesBuildPhase section */
		2422EEEA1FD4A21A00454C08 /* Sources */ = {
			isa = PBXSourcesBuildPhase;
			buildActionMask = 2147483647;
			files = (
				247F6D881FE375A700B6F7AD /* IntroVC.swift in Sources */,
				2422EEF41FD4A21A00454C08 /* ViewController.swift in Sources */,
				24F41C811FE379A100077EB7 /* CalendarVC.swift in Sources */,
				24F41C851FE3805D00077EB7 /* CalculateVC.swift in Sources */,
				24F41C831FE37B0400077EB7 /* BoughtAmountVC.swift in Sources */,
				2422EF261FD7A20F00454C08 /* UnitSelectorViewController.swift in Sources */,
				2422EEF21FD4A21A00454C08 /* AppDelegate.swift in Sources */,
				2422EF241FD4CB4400454C08 /* CalendarSegue.swift in Sources */,
			);
			runOnlyForDeploymentPostprocessing = 0;
		};
		2422EEFE1FD4A21A00454C08 /* Sources */ = {
			isa = PBXSourcesBuildPhase;
			buildActionMask = 2147483647;
			files = (
				2422EF071FD4A21A00454C08 /* IfCryptoTests.swift in Sources */,
			);
			runOnlyForDeploymentPostprocessing = 0;
		};
		2422EF091FD4A21A00454C08 /* Sources */ = {
			isa = PBXSourcesBuildPhase;
			buildActionMask = 2147483647;
			files = (
				2422EF121FD4A21A00454C08 /* IfCryptoUITests.swift in Sources */,
			);
			runOnlyForDeploymentPostprocessing = 0;
		};
/* End PBXSourcesBuildPhase section */

/* Begin PBXTargetDependency section */
		2422EF041FD4A21A00454C08 /* PBXTargetDependency */ = {
			isa = PBXTargetDependency;
			target = 2422EEED1FD4A21A00454C08 /* IfCrypto */;
			targetProxy = 2422EF031FD4A21A00454C08 /* PBXContainerItemProxy */;
		};
		2422EF0F1FD4A21A00454C08 /* PBXTargetDependency */ = {
			isa = PBXTargetDependency;
			target = 2422EEED1FD4A21A00454C08 /* IfCrypto */;
			targetProxy = 2422EF0E1FD4A21A00454C08 /* PBXContainerItemProxy */;
		};
/* End PBXTargetDependency section */

/* Begin PBXVariantGroup section */
		2422EEF51FD4A21A00454C08 /* Main.storyboard */ = {
			isa = PBXVariantGroup;
			children = (
				2422EEF61FD4A21A00454C08 /* Base */,
			);
			name = Main.storyboard;
			sourceTree = "<group>";
		};
		2422EEFA1FD4A21A00454C08 /* LaunchScreen.storyboard */ = {
			isa = PBXVariantGroup;
			children = (
				2422EEFB1FD4A21A00454C08 /* Base */,
			);
			name = LaunchScreen.storyboard;
			sourceTree = "<group>";
		};
/* End PBXVariantGroup section */

/* Begin XCBuildConfiguration section */
		2422EF141FD4A21A00454C08 /* Debug */ = {
			isa = XCBuildConfiguration;
			buildSettings = {
				ALWAYS_SEARCH_USER_PATHS = NO;
				CLANG_ANALYZER_NONNULL = YES;
				CLANG_ANALYZER_NUMBER_OBJECT_CONVERSION = YES_AGGRESSIVE;
				CLANG_CXX_LANGUAGE_STANDARD = "gnu++14";
				CLANG_CXX_LIBRARY = "libc++";
				CLANG_ENABLE_MODULES = YES;
				CLANG_ENABLE_OBJC_ARC = YES;
				CLANG_WARN_BLOCK_CAPTURE_AUTORELEASING = YES;
				CLANG_WARN_BOOL_CONVERSION = YES;
				CLANG_WARN_COMMA = YES;
				CLANG_WARN_CONSTANT_CONVERSION = YES;
				CLANG_WARN_DIRECT_OBJC_ISA_USAGE = YES_ERROR;
				CLANG_WARN_DOCUMENTATION_COMMENTS = YES;
				CLANG_WARN_EMPTY_BODY = YES;
				CLANG_WARN_ENUM_CONVERSION = YES;
				CLANG_WARN_INFINITE_RECURSION = YES;
				CLANG_WARN_INT_CONVERSION = YES;
				CLANG_WARN_NON_LITERAL_NULL_CONVERSION = YES;
				CLANG_WARN_OBJC_LITERAL_CONVERSION = YES;
				CLANG_WARN_OBJC_ROOT_CLASS = YES_ERROR;
				CLANG_WARN_RANGE_LOOP_ANALYSIS = YES;
				CLANG_WARN_STRICT_PROTOTYPES = YES;
				CLANG_WARN_SUSPICIOUS_MOVE = YES;
				CLANG_WARN_UNGUARDED_AVAILABILITY = YES_AGGRESSIVE;
				CLANG_WARN_UNREACHABLE_CODE = YES;
				CLANG_WARN__DUPLICATE_METHOD_MATCH = YES;
				CODE_SIGN_IDENTITY = "iPhone Developer";
				COPY_PHASE_STRIP = NO;
				DEBUG_INFORMATION_FORMAT = dwarf;
				ENABLE_STRICT_OBJC_MSGSEND = YES;
				ENABLE_TESTABILITY = YES;
				GCC_C_LANGUAGE_STANDARD = gnu11;
				GCC_DYNAMIC_NO_PIC = NO;
				GCC_NO_COMMON_BLOCKS = YES;
				GCC_OPTIMIZATION_LEVEL = 0;
				GCC_PREPROCESSOR_DEFINITIONS = (
					"DEBUG=1",
					"$(inherited)",
				);
				GCC_WARN_64_TO_32_BIT_CONVERSION = YES;
				GCC_WARN_ABOUT_RETURN_TYPE = YES_ERROR;
				GCC_WARN_UNDECLARED_SELECTOR = YES;
				GCC_WARN_UNINITIALIZED_AUTOS = YES_AGGRESSIVE;
				GCC_WARN_UNUSED_FUNCTION = YES;
				GCC_WARN_UNUSED_VARIABLE = YES;
				IPHONEOS_DEPLOYMENT_TARGET = 11.2;
				MTL_ENABLE_DEBUG_INFO = YES;
				ONLY_ACTIVE_ARCH = YES;
				SDKROOT = iphoneos;
				SWIFT_ACTIVE_COMPILATION_CONDITIONS = DEBUG;
				SWIFT_OPTIMIZATION_LEVEL = "-Onone";
			};
			name = Debug;
		};
		2422EF151FD4A21A00454C08 /* Release */ = {
			isa = XCBuildConfiguration;
			buildSettings = {
				ALWAYS_SEARCH_USER_PATHS = NO;
				CLANG_ANALYZER_NONNULL = YES;
				CLANG_ANALYZER_NUMBER_OBJECT_CONVERSION = YES_AGGRESSIVE;
				CLANG_CXX_LANGUAGE_STANDARD = "gnu++14";
				CLANG_CXX_LIBRARY = "libc++";
				CLANG_ENABLE_MODULES = YES;
				CLANG_ENABLE_OBJC_ARC = YES;
				CLANG_WARN_BLOCK_CAPTURE_AUTORELEASING = YES;
				CLANG_WARN_BOOL_CONVERSION = YES;
				CLANG_WARN_COMMA = YES;
				CLANG_WARN_CONSTANT_CONVERSION = YES;
				CLANG_WARN_DIRECT_OBJC_ISA_USAGE = YES_ERROR;
				CLANG_WARN_DOCUMENTATION_COMMENTS = YES;
				CLANG_WARN_EMPTY_BODY = YES;
				CLANG_WARN_ENUM_CONVERSION = YES;
				CLANG_WARN_INFINITE_RECURSION = YES;
				CLANG_WARN_INT_CONVERSION = YES;
				CLANG_WARN_NON_LITERAL_NULL_CONVERSION = YES;
				CLANG_WARN_OBJC_LITERAL_CONVERSION = YES;
				CLANG_WARN_OBJC_ROOT_CLASS = YES_ERROR;
				CLANG_WARN_RANGE_LOOP_ANALYSIS = YES;
				CLANG_WARN_STRICT_PROTOTYPES = YES;
				CLANG_WARN_SUSPICIOUS_MOVE = YES;
				CLANG_WARN_UNGUARDED_AVAILABILITY = YES_AGGRESSIVE;
				CLANG_WARN_UNREACHABLE_CODE = YES;
				CLANG_WARN__DUPLICATE_METHOD_MATCH = YES;
				CODE_SIGN_IDENTITY = "iPhone Developer";
				COPY_PHASE_STRIP = NO;
				DEBUG_INFORMATION_FORMAT = "dwarf-with-dsym";
				ENABLE_NS_ASSERTIONS = NO;
				ENABLE_STRICT_OBJC_MSGSEND = YES;
				GCC_C_LANGUAGE_STANDARD = gnu11;
				GCC_NO_COMMON_BLOCKS = YES;
				GCC_WARN_64_TO_32_BIT_CONVERSION = YES;
				GCC_WARN_ABOUT_RETURN_TYPE = YES_ERROR;
				GCC_WARN_UNDECLARED_SELECTOR = YES;
				GCC_WARN_UNINITIALIZED_AUTOS = YES_AGGRESSIVE;
				GCC_WARN_UNUSED_FUNCTION = YES;
				GCC_WARN_UNUSED_VARIABLE = YES;
				IPHONEOS_DEPLOYMENT_TARGET = 11.2;
				MTL_ENABLE_DEBUG_INFO = NO;
				SDKROOT = iphoneos;
				SWIFT_OPTIMIZATION_LEVEL = "-Owholemodule";
				VALIDATE_PRODUCT = YES;
			};
			name = Release;
		};
		2422EF171FD4A21A00454C08 /* Debug */ = {
			isa = XCBuildConfiguration;
			baseConfigurationReference = C51D0218E02C12F081021EC2 /* Pods-IfCrypto.debug.xcconfig */;
			buildSettings = {
				ASSETCATALOG_COMPILER_APPICON_NAME = AppIcon;
				CODE_SIGN_STYLE = Automatic;
				DEVELOPMENT_TEAM = G3U6CEW26C;
				INFOPLIST_FILE = IfCrypto/Info.plist;
				IPHONEOS_DEPLOYMENT_TARGET = 9.0;
				LD_RUNPATH_SEARCH_PATHS = "$(inherited) @executable_path/Frameworks";
				PRODUCT_BUNDLE_IDENTIFIER = com.ModalApps.IfCrypto;
				PRODUCT_NAME = "$(TARGET_NAME)";
				SWIFT_VERSION = 4.0;
				TARGETED_DEVICE_FAMILY = "1,2";
			};
			name = Debug;
		};
		2422EF181FD4A21A00454C08 /* Release */ = {
			isa = XCBuildConfiguration;
			baseConfigurationReference = 53855BC206A0D22D034A1C61 /* Pods-IfCrypto.release.xcconfig */;
			buildSettings = {
				ASSETCATALOG_COMPILER_APPICON_NAME = AppIcon;
				CODE_SIGN_STYLE = Automatic;
				DEVELOPMENT_TEAM = G3U6CEW26C;
				INFOPLIST_FILE = IfCrypto/Info.plist;
				IPHONEOS_DEPLOYMENT_TARGET = 9.0;
				LD_RUNPATH_SEARCH_PATHS = "$(inherited) @executable_path/Frameworks";
				PRODUCT_BUNDLE_IDENTIFIER = com.ModalApps.IfCrypto;
				PRODUCT_NAME = "$(TARGET_NAME)";
				SWIFT_VERSION = 4.0;
				TARGETED_DEVICE_FAMILY = "1,2";
			};
			name = Release;
		};
		2422EF1A1FD4A21A00454C08 /* Debug */ = {
			isa = XCBuildConfiguration;
			baseConfigurationReference = 8E6A1876B010840724A1991C /* Pods-IfCryptoTests.debug.xcconfig */;
			buildSettings = {
				ALWAYS_EMBED_SWIFT_STANDARD_LIBRARIES = YES;
				BUNDLE_LOADER = "$(TEST_HOST)";
				CODE_SIGN_STYLE = Automatic;
				DEVELOPMENT_TEAM = C4588H2WW4;
				INFOPLIST_FILE = IfCryptoTests/Info.plist;
				LD_RUNPATH_SEARCH_PATHS = "$(inherited) @executable_path/Frameworks @loader_path/Frameworks";
				PRODUCT_BUNDLE_IDENTIFIER = com.ModalApps.IfCryptoTests;
				PRODUCT_NAME = "$(TARGET_NAME)";
				SWIFT_VERSION = 4.0;
				TARGETED_DEVICE_FAMILY = "1,2";
				TEST_HOST = "$(BUILT_PRODUCTS_DIR)/IfCrypto.app/IfCrypto";
			};
			name = Debug;
		};
		2422EF1B1FD4A21A00454C08 /* Release */ = {
			isa = XCBuildConfiguration;
			baseConfigurationReference = 438FF44DC5C790777A65F4CE /* Pods-IfCryptoTests.release.xcconfig */;
			buildSettings = {
				ALWAYS_EMBED_SWIFT_STANDARD_LIBRARIES = YES;
				BUNDLE_LOADER = "$(TEST_HOST)";
				CODE_SIGN_STYLE = Automatic;
				DEVELOPMENT_TEAM = C4588H2WW4;
				INFOPLIST_FILE = IfCryptoTests/Info.plist;
				LD_RUNPATH_SEARCH_PATHS = "$(inherited) @executable_path/Frameworks @loader_path/Frameworks";
				PRODUCT_BUNDLE_IDENTIFIER = com.ModalApps.IfCryptoTests;
				PRODUCT_NAME = "$(TARGET_NAME)";
				SWIFT_VERSION = 4.0;
				TARGETED_DEVICE_FAMILY = "1,2";
				TEST_HOST = "$(BUILT_PRODUCTS_DIR)/IfCrypto.app/IfCrypto";
			};
			name = Release;
		};
		2422EF1D1FD4A21A00454C08 /* Debug */ = {
			isa = XCBuildConfiguration;
			baseConfigurationReference = 26E77D56AE477519851A0B9D /* Pods-IfCryptoUITests.debug.xcconfig */;
			buildSettings = {
				ALWAYS_EMBED_SWIFT_STANDARD_LIBRARIES = YES;
				CODE_SIGN_STYLE = Automatic;
				DEVELOPMENT_TEAM = C4588H2WW4;
				INFOPLIST_FILE = IfCryptoUITests/Info.plist;
				LD_RUNPATH_SEARCH_PATHS = "$(inherited) @executable_path/Frameworks @loader_path/Frameworks";
				PRODUCT_BUNDLE_IDENTIFIER = com.ModalApps.IfCryptoUITests;
				PRODUCT_NAME = "$(TARGET_NAME)";
				SWIFT_VERSION = 4.0;
				TARGETED_DEVICE_FAMILY = "1,2";
				TEST_TARGET_NAME = IfCrypto;
			};
			name = Debug;
		};
		2422EF1E1FD4A21A00454C08 /* Release */ = {
			isa = XCBuildConfiguration;
			baseConfigurationReference = 9F6E2B111F4F5A381EF72E17 /* Pods-IfCryptoUITests.release.xcconfig */;
			buildSettings = {
				ALWAYS_EMBED_SWIFT_STANDARD_LIBRARIES = YES;
				CODE_SIGN_STYLE = Automatic;
				DEVELOPMENT_TEAM = C4588H2WW4;
				INFOPLIST_FILE = IfCryptoUITests/Info.plist;
				LD_RUNPATH_SEARCH_PATHS = "$(inherited) @executable_path/Frameworks @loader_path/Frameworks";
				PRODUCT_BUNDLE_IDENTIFIER = com.ModalApps.IfCryptoUITests;
				PRODUCT_NAME = "$(TARGET_NAME)";
				SWIFT_VERSION = 4.0;
				TARGETED_DEVICE_FAMILY = "1,2";
				TEST_TARGET_NAME = IfCrypto;
			};
			name = Release;
		};
/* End XCBuildConfiguration section */

/* Begin XCConfigurationList section */
		2422EEE91FD4A21A00454C08 /* Build configuration list for PBXProject "IfCrypto" */ = {
			isa = XCConfigurationList;
			buildConfigurations = (
				2422EF141FD4A21A00454C08 /* Debug */,
				2422EF151FD4A21A00454C08 /* Release */,
			);
			defaultConfigurationIsVisible = 0;
			defaultConfigurationName = Release;
		};
		2422EF161FD4A21A00454C08 /* Build configuration list for PBXNativeTarget "IfCrypto" */ = {
			isa = XCConfigurationList;
			buildConfigurations = (
				2422EF171FD4A21A00454C08 /* Debug */,
				2422EF181FD4A21A00454C08 /* Release */,
			);
			defaultConfigurationIsVisible = 0;
			defaultConfigurationName = Release;
		};
		2422EF191FD4A21A00454C08 /* Build configuration list for PBXNativeTarget "IfCryptoTests" */ = {
			isa = XCConfigurationList;
			buildConfigurations = (
				2422EF1A1FD4A21A00454C08 /* Debug */,
				2422EF1B1FD4A21A00454C08 /* Release */,
			);
			defaultConfigurationIsVisible = 0;
			defaultConfigurationName = Release;
		};
		2422EF1C1FD4A21A00454C08 /* Build configuration list for PBXNativeTarget "IfCryptoUITests" */ = {
			isa = XCConfigurationList;
			buildConfigurations = (
				2422EF1D1FD4A21A00454C08 /* Debug */,
				2422EF1E1FD4A21A00454C08 /* Release */,
			);
			defaultConfigurationIsVisible = 0;
			defaultConfigurationName = Release;
		};
/* End XCConfigurationList section */
	};
	rootObject = 2422EEE61FD4A21A00454C08 /* Project object */;
}
