// !$*UTF8*$!
{
	archiveVersion = 1;
	classes = {
	};
	objectVersion = 48;
	objects = {

/* Begin PBXBuildFile section */
		2422EEF21FD4A21A00454C08 /* AppDelegate.swift in Sources */ = {isa = PBXBuildFile; fileRef = 2422EEF11FD4A21A00454C08 /* AppDelegate.swift */; };
		2422EEF41FD4A21A00454C08 /* ViewController.swift in Sources */ = {isa = PBXBuildFile; fileRef = 2422EEF31FD4A21A00454C08 /* ViewController.swift */; };
		2422EEF71FD4A21A00454C08 /* Main.storyboard in Resources */ = {isa = PBXBuildFile; fileRef = 2422EEF51FD4A21A00454C08 /* Main.storyboard */; };
		2422EEFC1FD4A21A00454C08 /* LaunchScreen.storyboard in Resources */ = {isa = PBXBuildFile; fileRef = 2422EEFA1FD4A21A00454C08 /* LaunchScreen.storyboard */; };
		2422EF071FD4A21A00454C08 /* IfCryptoTests.swift in Sources */ = {isa = PBXBuildFile; fileRef = 2422EF061FD4A21A00454C08 /* IfCryptoTests.swift */; };
		2422EF121FD4A21A00454C08 /* IfCryptoUITests.swift in Sources */ = {isa = PBXBuildFile; fileRef = 2422EF111FD4A21A00454C08 /* IfCryptoUITests.swift */; };
		2422EF221FD4C2FE00454C08 /* bitcoinData.json in Resources */ = {isa = PBXBuildFile; fileRef = 2422EF211FD4C2FD00454C08 /* bitcoinData.json */; };
		2422EF241FD4CB4400454C08 /* CalendarSegue.swift in Sources */ = {isa = PBXBuildFile; fileRef = 2422EF231FD4CB4400454C08 /* CalendarSegue.swift */; };
		2422EF261FD7A20F00454C08 /* UnitSelectorViewController.swift in Sources */ = {isa = PBXBuildFile; fileRef = 2422EF251FD7A20F00454C08 /* UnitSelectorViewController.swift */; };
		247F6D881FE375A700B6F7AD /* IntroVC.swift in Sources */ = {isa = PBXBuildFile; fileRef = 247F6D871FE375A700B6F7AD /* IntroVC.swift */; };
		24F41C811FE379A100077EB7 /* CalendarVC.swift in Sources */ = {isa = PBXBuildFile; fileRef = 24F41C801FE379A100077EB7 /* CalendarVC.swift */; };
		24F41C831FE37B0400077EB7 /* BoughtAmountVC.swift in Sources */ = {isa = PBXBuildFile; fileRef = 24F41C821FE37B0400077EB7 /* BoughtAmountVC.swift */; };
		24F41C851FE3805D00077EB7 /* CalculateVC.swift in Sources */ = {isa = PBXBuildFile; fileRef = 24F41C841FE3805D00077EB7 /* CalculateVC.swift */; };
		24F41C871FE3AB8500077EB7 /* GoogleService-Info.plist in Resources */ = {isa = PBXBuildFile; fileRef = 24F41C861FE3AB8400077EB7 /* GoogleService-Info.plist */; };
		24F41C891FE3AE4F00077EB7 /* Assets.xcassets in Resources */ = {isa = PBXBuildFile; fileRef = 24F41C881FE3AE4E00077EB7 /* Assets.xcassets */; };
		6E18F111BB9A29E3096E4802 /* Pods_IfCryptoUITests.framework in Frameworks */ = {isa = PBXBuildFile; fileRef = FFE45E8CB842CC50D924D3B6 /* Pods_IfCryptoUITests.framework */; };
		8BF08B566292F1A34DC3BBE9 /* Pods_IfCryptoTests.framework in Frameworks */ = {isa = PBXBuildFile; fileRef = E7F8A05162FE3B4573C230CA /* Pods_IfCryptoTests.framework */; };
		9B137860A837951F5472E20E /* Pods_IfCrypto.framework in Frameworks */ = {isa = PBXBuildFile; fileRef = 4BAEA3382E9BE97F5632714A /* Pods_IfCrypto.framework */; };
/* End PBXBuildFile section */

/* Begin PBXContainerItemProxy section */
		2422EF031FD4A21A00454C08 /* PBXContainerItemProxy */ = {
			isa = PBXContainerItemProxy;
			containerPortal = 2422EEE61FD4A21A00454C08 /* Project object */;
			proxyType = 1;
			remoteGlobalIDString = 2422EEED1FD4A21A00454C08;
			remoteInfo = IfCrypto;
		};
		2422EF0E1FD4A21A00454C08 /* PBXContainerItemProxy */ = {
			isa = PBXContainerItemProxy;
			containerPortal = 2422EEE61FD4A21A00454C08 /* Project object */;
			proxyType = 1;
			remoteGlobalIDString = 2422EEED1FD4A21A00454C08;
			remoteInfo = IfCrypto;
		};
/* End PBXContainerItemProxy section */

/* Begin PBXFileReference section */
		0552FEB0090D4C8905284B6B /* Pods-IfCryptoUITests.debug.xcconfig */ = {isa = PBXFileReference; includeInIndex = 1; lastKnownFileType = text.xcconfig; name = "Pods-IfCryptoUITests.debug.xcconfig"; path = "Pods/Target Support Files/Pods-IfCryptoUITests/Pods-IfCryptoUITests.debug.xcconfig"; sourceTree = "<group>"; };
		1512797397D1B00475E1E1CD /* Pods-IfCryptoTests.release.xcconfig */ = {isa = PBXFileReference; includeInIndex = 1; lastKnownFileType = text.xcconfig; name = "Pods-IfCryptoTests.release.xcconfig"; path = "Pods/Target Support Files/Pods-IfCryptoTests/Pods-IfCryptoTests.release.xcconfig"; sourceTree = "<group>"; };
		2422EEEE1FD4A21A00454C08 /* IfCrypto.app */ = {isa = PBXFileReference; explicitFileType = wrapper.application; includeInIndex = 0; path = IfCrypto.app; sourceTree = BUILT_PRODUCTS_DIR; };
		2422EEF11FD4A21A00454C08 /* AppDelegate.swift */ = {isa = PBXFileReference; lastKnownFileType = sourcecode.swift; path = AppDelegate.swift; sourceTree = "<group>"; };
		2422EEF31FD4A21A00454C08 /* ViewController.swift */ = {isa = PBXFileReference; lastKnownFileType = sourcecode.swift; path = ViewController.swift; sourceTree = "<group>"; };
		2422EEF61FD4A21A00454C08 /* Base */ = {isa = PBXFileReference; lastKnownFileType = file.storyboard; name = Base; path = Base.lproj/Main.storyboard; sourceTree = "<group>"; };
		2422EEFB1FD4A21A00454C08 /* Base */ = {isa = PBXFileReference; lastKnownFileType = file.storyboard; name = Base; path = Base.lproj/LaunchScreen.storyboard; sourceTree = "<group>"; };
		2422EEFD1FD4A21A00454C08 /* Info.plist */ = {isa = PBXFileReference; lastKnownFileType = text.plist.xml; path = Info.plist; sourceTree = "<group>"; };
		2422EF021FD4A21A00454C08 /* IfCryptoTests.xctest */ = {isa = PBXFileReference; explicitFileType = wrapper.cfbundle; includeInIndex = 0; path = IfCryptoTests.xctest; sourceTree = BUILT_PRODUCTS_DIR; };
		2422EF061FD4A21A00454C08 /* IfCryptoTests.swift */ = {isa = PBXFileReference; lastKnownFileType = sourcecode.swift; path = IfCryptoTests.swift; sourceTree = "<group>"; };
		2422EF081FD4A21A00454C08 /* Info.plist */ = {isa = PBXFileReference; lastKnownFileType = text.plist.xml; path = Info.plist; sourceTree = "<group>"; };
		2422EF0D1FD4A21A00454C08 /* IfCryptoUITests.xctest */ = {isa = PBXFileReference; explicitFileType = wrapper.cfbundle; includeInIndex = 0; path = IfCryptoUITests.xctest; sourceTree = BUILT_PRODUCTS_DIR; };
		2422EF111FD4A21A00454C08 /* IfCryptoUITests.swift */ = {isa = PBXFileReference; lastKnownFileType = sourcecode.swift; path = IfCryptoUITests.swift; sourceTree = "<group>"; };
		2422EF131FD4A21A00454C08 /* Info.plist */ = {isa = PBXFileReference; lastKnownFileType = text.plist.xml; path = Info.plist; sourceTree = "<group>"; };
		2422EF211FD4C2FD00454C08 /* bitcoinData.json */ = {isa = PBXFileReference; fileEncoding = 4; lastKnownFileType = text.json; name = bitcoinData.json; path = ../../../../../PycharmProjects/untitled/bitcoinData.json; sourceTree = "<group>"; };
		2422EF231FD4CB4400454C08 /* CalendarSegue.swift */ = {isa = PBXFileReference; lastKnownFileType = sourcecode.swift; path = CalendarSegue.swift; sourceTree = "<group>"; };
		2422EF251FD7A20F00454C08 /* UnitSelectorViewController.swift */ = {isa = PBXFileReference; lastKnownFileType = sourcecode.swift; path = UnitSelectorViewController.swift; sourceTree = "<group>"; };
		247F6D871FE375A700B6F7AD /* IntroVC.swift */ = {isa = PBXFileReference; lastKnownFileType = sourcecode.swift; path = IntroVC.swift; sourceTree = "<group>"; };
		24F41C801FE379A100077EB7 /* CalendarVC.swift */ = {isa = PBXFileReference; lastKnownFileType = sourcecode.swift; path = CalendarVC.swift; sourceTree = "<group>"; };
		24F41C821FE37B0400077EB7 /* BoughtAmountVC.swift */ = {isa = PBXFileReference; lastKnownFileType = sourcecode.swift; path = BoughtAmountVC.swift; sourceTree = "<group>"; };
		24F41C841FE3805D00077EB7 /* CalculateVC.swift */ = {isa = PBXFileReference; lastKnownFileType = sourcecode.swift; path = CalculateVC.swift; sourceTree = "<group>"; };
		24F41C861FE3AB8400077EB7 /* GoogleService-Info.plist */ = {isa = PBXFileReference; fileEncoding = 4; lastKnownFileType = text.plist.xml; path = "GoogleService-Info.plist"; sourceTree = "<group>"; };
		24F41C881FE3AE4E00077EB7 /* Assets.xcassets */ = {isa = PBXFileReference; lastKnownFileType = folder.assetcatalog; path = Assets.xcassets; sourceTree = "<group>"; };
		2A71A60C87CCA0E71F076B0E /* Pods-IfCrypto.release.xcconfig */ = {isa = PBXFileReference; includeInIndex = 1; lastKnownFileType = text.xcconfig; name = "Pods-IfCrypto.release.xcconfig"; path = "Pods/Target Support Files/Pods-IfCrypto/Pods-IfCrypto.release.xcconfig"; sourceTree = "<group>"; };
		456EDB5EC6C345C655DEDFEF /* Pods-IfCrypto.debug.xcconfig */ = {isa = PBXFileReference; includeInIndex = 1; lastKnownFileType = text.xcconfig; name = "Pods-IfCrypto.debug.xcconfig"; path = "Pods/Target Support Files/Pods-IfCrypto/Pods-IfCrypto.debug.xcconfig"; sourceTree = "<group>"; };
		4BAEA3382E9BE97F5632714A /* Pods_IfCrypto.framework */ = {isa = PBXFileReference; explicitFileType = wrapper.framework; includeInIndex = 0; path = Pods_IfCrypto.framework; sourceTree = BUILT_PRODUCTS_DIR; };
		8317C21AB7EA571403621B85 /* Pods-IfCryptoUITests.release.xcconfig */ = {isa = PBXFileReference; includeInIndex = 1; lastKnownFileType = text.xcconfig; name = "Pods-IfCryptoUITests.release.xcconfig"; path = "Pods/Target Support Files/Pods-IfCryptoUITests/Pods-IfCryptoUITests.release.xcconfig"; sourceTree = "<group>"; };
		A6DE18FBE9F1DC61972AE177 /* Pods-IfCryptoTests.debug.xcconfig */ = {isa = PBXFileReference; includeInIndex = 1; lastKnownFileType = text.xcconfig; name = "Pods-IfCryptoTests.debug.xcconfig"; path = "Pods/Target Support Files/Pods-IfCryptoTests/Pods-IfCryptoTests.debug.xcconfig"; sourceTree = "<group>"; };
		E7F8A05162FE3B4573C230CA /* Pods_IfCryptoTests.framework */ = {isa = PBXFileReference; explicitFileType = wrapper.framework; includeInIndex = 0; path = Pods_IfCryptoTests.framework; sourceTree = BUILT_PRODUCTS_DIR; };
		FFE45E8CB842CC50D924D3B6 /* Pods_IfCryptoUITests.framework */ = {isa = PBXFileReference; explicitFileType = wrapper.framework; includeInIndex = 0; path = Pods_IfCryptoUITests.framework; sourceTree = BUILT_PRODUCTS_DIR; };
/* End PBXFileReference section */

/* Begin PBXFrameworksBuildPhase section */
		2422EEEB1FD4A21A00454C08 /* Frameworks */ = {
			isa = PBXFrameworksBuildPhase;
			buildActionMask = 2147483647;
			files = (
				9B137860A837951F5472E20E /* Pods_IfCrypto.framework in Frameworks */,
			);
			runOnlyForDeploymentPostprocessing = 0;
		};
		2422EEFF1FD4A21A00454C08 /* Frameworks */ = {
			isa = PBXFrameworksBuildPhase;
			buildActionMask = 2147483647;
			files = (
				8BF08B566292F1A34DC3BBE9 /* Pods_IfCryptoTests.framework in Frameworks */,
			);
			runOnlyForDeploymentPostprocessing = 0;
		};
		2422EF0A1FD4A21A00454C08 /* Frameworks */ = {
			isa = PBXFrameworksBuildPhase;
			buildActionMask = 2147483647;
			files = (
				6E18F111BB9A29E3096E4802 /* Pods_IfCryptoUITests.framework in Frameworks */,
			);
			runOnlyForDeploymentPostprocessing = 0;
		};
/* End PBXFrameworksBuildPhase section */

/* Begin PBXGroup section */
		2422EEE51FD4A21A00454C08 = {
			isa = PBXGroup;
			children = (
				2422EEF01FD4A21A00454C08 /* IfCrypto */,
				2422EF051FD4A21A00454C08 /* IfCryptoTests */,
				2422EF101FD4A21A00454C08 /* IfCryptoUITests */,
				2422EEEF1FD4A21A00454C08 /* Products */,
				98FA4425730AD8FC2B86D2F3 /* Pods */,
				4B9B0BC376B8E8D3AA752913 /* Frameworks */,
			);
			sourceTree = "<group>";
		};
		2422EEEF1FD4A21A00454C08 /* Products */ = {
			isa = PBXGroup;
			children = (
				2422EEEE1FD4A21A00454C08 /* IfCrypto.app */,
				2422EF021FD4A21A00454C08 /* IfCryptoTests.xctest */,
				2422EF0D1FD4A21A00454C08 /* IfCryptoUITests.xctest */,
			);
			name = Products;
			sourceTree = "<group>";
		};
		2422EEF01FD4A21A00454C08 /* IfCrypto */ = {
			isa = PBXGroup;
			children = (
				2422EF211FD4C2FD00454C08 /* bitcoinData.json */,
				2422EEF11FD4A21A00454C08 /* AppDelegate.swift */,
				2422EEF31FD4A21A00454C08 /* ViewController.swift */,
				2422EEF51FD4A21A00454C08 /* Main.storyboard */,
				2422EF231FD4CB4400454C08 /* CalendarSegue.swift */,
				2422EEFA1FD4A21A00454C08 /* LaunchScreen.storyboard */,
				24F41C881FE3AE4E00077EB7 /* Assets.xcassets */,
				2422EEFD1FD4A21A00454C08 /* Info.plist */,
				2422EF251FD7A20F00454C08 /* UnitSelectorViewController.swift */,
				247F6D871FE375A700B6F7AD /* IntroVC.swift */,
				24F41C801FE379A100077EB7 /* CalendarVC.swift */,
				24F41C821FE37B0400077EB7 /* BoughtAmountVC.swift */,
				24F41C841FE3805D00077EB7 /* CalculateVC.swift */,
				24F41C861FE3AB8400077EB7 /* GoogleService-Info.plist */,
			);
			path = IfCrypto;
			sourceTree = "<group>";
		};
		2422EF051FD4A21A00454C08 /* IfCryptoTests */ = {
			isa = PBXGroup;
			children = (
				2422EF061FD4A21A00454C08 /* IfCryptoTests.swift */,
				2422EF081FD4A21A00454C08 /* Info.plist */,
			);
			path = IfCryptoTests;
			sourceTree = "<group>";
		};
		2422EF101FD4A21A00454C08 /* IfCryptoUITests */ = {
			isa = PBXGroup;
			children = (
				2422EF111FD4A21A00454C08 /* IfCryptoUITests.swift */,
				2422EF131FD4A21A00454C08 /* Info.plist */,
			);
			path = IfCryptoUITests;
			sourceTree = "<group>";
		};
		4B9B0BC376B8E8D3AA752913 /* Frameworks */ = {
			isa = PBXGroup;
			children = (
				4BAEA3382E9BE97F5632714A /* Pods_IfCrypto.framework */,
				E7F8A05162FE3B4573C230CA /* Pods_IfCryptoTests.framework */,
				FFE45E8CB842CC50D924D3B6 /* Pods_IfCryptoUITests.framework */,
			);
			name = Frameworks;
			sourceTree = "<group>";
		};
		98FA4425730AD8FC2B86D2F3 /* Pods */ = {
			isa = PBXGroup;
			children = (
				456EDB5EC6C345C655DEDFEF /* Pods-IfCrypto.debug.xcconfig */,
				2A71A60C87CCA0E71F076B0E /* Pods-IfCrypto.release.xcconfig */,
				A6DE18FBE9F1DC61972AE177 /* Pods-IfCryptoTests.debug.xcconfig */,
				1512797397D1B00475E1E1CD /* Pods-IfCryptoTests.release.xcconfig */,
				0552FEB0090D4C8905284B6B /* Pods-IfCryptoUITests.debug.xcconfig */,
				8317C21AB7EA571403621B85 /* Pods-IfCryptoUITests.release.xcconfig */,
			);
			name = Pods;
			sourceTree = "<group>";
		};
/* End PBXGroup section */

/* Begin PBXNativeTarget section */
		2422EEED1FD4A21A00454C08 /* IfCrypto */ = {
			isa = PBXNativeTarget;
			buildConfigurationList = 2422EF161FD4A21A00454C08 /* Build configuration list for PBXNativeTarget "IfCrypto" */;
			buildPhases = (
				0AE79678E0DCC290B2A4D2D4 /* [CP] Check Pods Manifest.lock */,
				2422EEEA1FD4A21A00454C08 /* Sources */,
				2422EEEB1FD4A21A00454C08 /* Frameworks */,
				2422EEEC1FD4A21A00454C08 /* Resources */,
				D671DF1AA0A19228A167B70B /* [CP] Embed Pods Frameworks */,
				2911C562DAC9852DC81C83A6 /* [CP] Copy Pods Resources */,
			);
			buildRules = (
			);
			dependencies = (
			);
			name = IfCrypto;
			productName = IfCrypto;
			productReference = 2422EEEE1FD4A21A00454C08 /* IfCrypto.app */;
			productType = "com.apple.product-type.application";
		};
		2422EF011FD4A21A00454C08 /* IfCryptoTests */ = {
			isa = PBXNativeTarget;
			buildConfigurationList = 2422EF191FD4A21A00454C08 /* Build configuration list for PBXNativeTarget "IfCryptoTests" */;
			buildPhases = (
				9D15D07B48B848F573452911 /* [CP] Check Pods Manifest.lock */,
				2422EEFE1FD4A21A00454C08 /* Sources */,
				2422EEFF1FD4A21A00454C08 /* Frameworks */,
				2422EF001FD4A21A00454C08 /* Resources */,
				50BAB2919B1CAEAD06BD22E3 /* [CP] Embed Pods Frameworks */,
				BAC025D218C0AF05D359DFF2 /* [CP] Copy Pods Resources */,
			);
			buildRules = (
			);
			dependencies = (
				2422EF041FD4A21A00454C08 /* PBXTargetDependency */,
			);
			name = IfCryptoTests;
			productName = IfCryptoTests;
			productReference = 2422EF021FD4A21A00454C08 /* IfCryptoTests.xctest */;
			productType = "com.apple.product-type.bundle.unit-test";
		};
		2422EF0C1FD4A21A00454C08 /* IfCryptoUITests */ = {
			isa = PBXNativeTarget;
			buildConfigurationList = 2422EF1C1FD4A21A00454C08 /* Build configuration list for PBXNativeTarget "IfCryptoUITests" */;
			buildPhases = (
				B1532B526F23DFF8F743F550 /* [CP] Check Pods Manifest.lock */,
				2422EF091FD4A21A00454C08 /* Sources */,
				2422EF0A1FD4A21A00454C08 /* Frameworks */,
				2422EF0B1FD4A21A00454C08 /* Resources */,
				6A84DDA6905DBD48031DA272 /* [CP] Embed Pods Frameworks */,
				6B94231784B7757CA4B0435B /* [CP] Copy Pods Resources */,
			);
			buildRules = (
			);
			dependencies = (
				2422EF0F1FD4A21A00454C08 /* PBXTargetDependency */,
			);
			name = IfCryptoUITests;
			productName = IfCryptoUITests;
			productReference = 2422EF0D1FD4A21A00454C08 /* IfCryptoUITests.xctest */;
			productType = "com.apple.product-type.bundle.ui-testing";
		};
/* End PBXNativeTarget section */

/* Begin PBXProject section */
		2422EEE61FD4A21A00454C08 /* Project object */ = {
			isa = PBXProject;
			attributes = {
				LastSwiftUpdateCheck = 0920;
				LastUpgradeCheck = 0920;
				ORGANIZATIONNAME = ModalApps;
				TargetAttributes = {
					2422EEED1FD4A21A00454C08 = {
						CreatedOnToolsVersion = 9.2;
						ProvisioningStyle = Automatic;
					};
					2422EF011FD4A21A00454C08 = {
						CreatedOnToolsVersion = 9.2;
						ProvisioningStyle = Automatic;
						TestTargetID = 2422EEED1FD4A21A00454C08;
					};
					2422EF0C1FD4A21A00454C08 = {
						CreatedOnToolsVersion = 9.2;
						ProvisioningStyle = Automatic;
						TestTargetID = 2422EEED1FD4A21A00454C08;
					};
				};
			};
			buildConfigurationList = 2422EEE91FD4A21A00454C08 /* Build configuration list for PBXProject "IfCrypto" */;
			compatibilityVersion = "Xcode 8.0";
			developmentRegion = en;
			hasScannedForEncodings = 0;
			knownRegions = (
				en,
				Base,
			);
			mainGroup = 2422EEE51FD4A21A00454C08;
			productRefGroup = 2422EEEF1FD4A21A00454C08 /* Products */;
			projectDirPath = "";
			projectRoot = "";
			targets = (
				2422EEED1FD4A21A00454C08 /* IfCrypto */,
				2422EF011FD4A21A00454C08 /* IfCryptoTests */,
				2422EF0C1FD4A21A00454C08 /* IfCryptoUITests */,
			);
		};
/* End PBXProject section */

/* Begin PBXResourcesBuildPhase section */
		2422EEEC1FD4A21A00454C08 /* Resources */ = {
			isa = PBXResourcesBuildPhase;
			buildActionMask = 2147483647;
			files = (
				2422EEFC1FD4A21A00454C08 /* LaunchScreen.storyboard in Resources */,
				24F41C871FE3AB8500077EB7 /* GoogleService-Info.plist in Resources */,
				2422EF221FD4C2FE00454C08 /* bitcoinData.json in Resources */,
				2422EEF71FD4A21A00454C08 /* Main.storyboard in Resources */,
				24F41C891FE3AE4F00077EB7 /* Assets.xcassets in Resources */,
			);
			runOnlyForDeploymentPostprocessing = 0;
		};
		2422EF001FD4A21A00454C08 /* Resources */ = {
			isa = PBXResourcesBuildPhase;
			buildActionMask = 2147483647;
			files = (
			);
			runOnlyForDeploymentPostprocessing = 0;
		};
		2422EF0B1FD4A21A00454C08 /* Resources */ = {
			isa = PBXResourcesBuildPhase;
			buildActionMask = 2147483647;
			files = (
			);
			runOnlyForDeploymentPostprocessing = 0;
		};
/* End PBXResourcesBuildPhase section */

/* Begin PBXShellScriptBuildPhase section */
		0AE79678E0DCC290B2A4D2D4 /* [CP] Check Pods Manifest.lock */ = {
			isa = PBXShellScriptBuildPhase;
			buildActionMask = 2147483647;
			files = (
			);
			inputPaths = (
				"${PODS_PODFILE_DIR_PATH}/Podfile.lock",
				"${PODS_ROOT}/Manifest.lock",
			);
			name = "[CP] Check Pods Manifest.lock";
			outputPaths = (
				"$(DERIVED_FILE_DIR)/Pods-IfCrypto-checkManifestLockResult.txt",
			);
			runOnlyForDeploymentPostprocessing = 0;
			shellPath = /bin/sh;
			shellScript = "diff \"${PODS_PODFILE_DIR_PATH}/Podfile.lock\" \"${PODS_ROOT}/Manifest.lock\" > /dev/null\nif [ $? != 0 ] ; then\n    # print error to STDERR\n    echo \"error: The sandbox is not in sync with the Podfile.lock. Run 'pod install' or update your CocoaPods installation.\" >&2\n    exit 1\nfi\n# This output is used by Xcode 'outputs' to avoid re-running this script phase.\necho \"SUCCESS\" > \"${SCRIPT_OUTPUT_FILE_0}\"\n";
			showEnvVarsInLog = 0;
		};
		2911C562DAC9852DC81C83A6 /* [CP] Copy Pods Resources */ = {
			isa = PBXShellScriptBuildPhase;
			buildActionMask = 2147483647;
			files = (
			);
			inputPaths = (
			);
			name = "[CP] Copy Pods Resources";
			outputPaths = (
			);
			runOnlyForDeploymentPostprocessing = 0;
			shellPath = /bin/sh;
			shellScript = "\"${SRCROOT}/Pods/Target Support Files/Pods-IfCrypto/Pods-IfCrypto-resources.sh\"\n";
			showEnvVarsInLog = 0;
		};
		50BAB2919B1CAEAD06BD22E3 /* [CP] Embed Pods Frameworks */ = {
			isa = PBXShellScriptBuildPhase;
			buildActionMask = 2147483647;
			files = (
			);
			inputPaths = (
			);
			name = "[CP] Embed Pods Frameworks";
			outputPaths = (
			);
			runOnlyForDeploymentPostprocessing = 0;
			shellPath = /bin/sh;
			shellScript = "\"${SRCROOT}/Pods/Target Support Files/Pods-IfCryptoTests/Pods-IfCryptoTests-frameworks.sh\"\n";
			showEnvVarsInLog = 0;
		};
		6A84DDA6905DBD48031DA272 /* [CP] Embed Pods Frameworks */ = {
			isa = PBXShellScriptBuildPhase;
			buildActionMask = 2147483647;
			files = (
			);
			inputPaths = (
			);
			name = "[CP] Embed Pods Frameworks";
			outputPaths = (
			);
			runOnlyForDeploymentPostprocessing = 0;
			shellPath = /bin/sh;
			shellScript = "\"${SRCROOT}/Pods/Target Support Files/Pods-IfCryptoUITests/Pods-IfCryptoUITests-frameworks.sh\"\n";
			showEnvVarsInLog = 0;
		};
		6B94231784B7757CA4B0435B /* [CP] Copy Pods Resources */ = {
			isa = PBXShellScriptBuildPhase;
			buildActionMask = 2147483647;
			files = (
			);
			inputPaths = (
			);
			name = "[CP] Copy Pods Resources";
			outputPaths = (
			);
			runOnlyForDeploymentPostprocessing = 0;
			shellPath = /bin/sh;
			shellScript = "\"${SRCROOT}/Pods/Target Support Files/Pods-IfCryptoUITests/Pods-IfCryptoUITests-resources.sh\"\n";
			showEnvVarsInLog = 0;
		};
		9D15D07B48B848F573452911 /* [CP] Check Pods Manifest.lock */ = {
			isa = PBXShellScriptBuildPhase;
			buildActionMask = 2147483647;
			files = (
			);
			inputPaths = (
				"${PODS_PODFILE_DIR_PATH}/Podfile.lock",
				"${PODS_ROOT}/Manifest.lock",
			);
			name = "[CP] Check Pods Manifest.lock";
			outputPaths = (
				"$(DERIVED_FILE_DIR)/Pods-IfCryptoTests-checkManifestLockResult.txt",
			);
			runOnlyForDeploymentPostprocessing = 0;
			shellPath = /bin/sh;
			shellScript = "diff \"${PODS_PODFILE_DIR_PATH}/Podfile.lock\" \"${PODS_ROOT}/Manifest.lock\" > /dev/null\nif [ $? != 0 ] ; then\n    # print error to STDERR\n    echo \"error: The sandbox is not in sync with the Podfile.lock. Run 'pod install' or update your CocoaPods installation.\" >&2\n    exit 1\nfi\n# This output is used by Xcode 'outputs' to avoid re-running this script phase.\necho \"SUCCESS\" > \"${SCRIPT_OUTPUT_FILE_0}\"\n";
			showEnvVarsInLog = 0;
		};
		B1532B526F23DFF8F743F550 /* [CP] Check Pods Manifest.lock */ = {
			isa = PBXShellScriptBuildPhase;
			buildActionMask = 2147483647;
			files = (
			);
			inputPaths = (
				"${PODS_PODFILE_DIR_PATH}/Podfile.lock",
				"${PODS_ROOT}/Manifest.lock",
			);
			name = "[CP] Check Pods Manifest.lock";
			outputPaths = (
				"$(DERIVED_FILE_DIR)/Pods-IfCryptoUITests-checkManifestLockResult.txt",
			);
			runOnlyForDeploymentPostprocessing = 0;
			shellPath = /bin/sh;
			shellScript = "diff \"${PODS_PODFILE_DIR_PATH}/Podfile.lock\" \"${PODS_ROOT}/Manifest.lock\" > /dev/null\nif [ $? != 0 ] ; then\n    # print error to STDERR\n    echo \"error: The sandbox is not in sync with the Podfile.lock. Run 'pod install' or update your CocoaPods installation.\" >&2\n    exit 1\nfi\n# This output is used by Xcode 'outputs' to avoid re-running this script phase.\necho \"SUCCESS\" > \"${SCRIPT_OUTPUT_FILE_0}\"\n";
			showEnvVarsInLog = 0;
		};
		BAC025D218C0AF05D359DFF2 /* [CP] Copy Pods Resources */ = {
			isa = PBXShellScriptBuildPhase;
			buildActionMask = 2147483647;
			files = (
			);
			inputPaths = (
			);
			name = "[CP] Copy Pods Resources";
			outputPaths = (
			);
			runOnlyForDeploymentPostprocessing = 0;
			shellPath = /bin/sh;
			shellScript = "\"${SRCROOT}/Pods/Target Support Files/Pods-IfCryptoTests/Pods-IfCryptoTests-resources.sh\"\n";
			showEnvVarsInLog = 0;
		};
		D671DF1AA0A19228A167B70B /* [CP] Embed Pods Frameworks */ = {
			isa = PBXShellScriptBuildPhase;
			buildActionMask = 2147483647;
			files = (
			);
			inputPaths = (
				"${SRCROOT}/Pods/Target Support Files/Pods-IfCrypto/Pods-IfCrypto-frameworks.sh",
				"${BUILT_PRODUCTS_DIR}/Alamofire/Alamofire.framework",
				"${BUILT_PRODUCTS_DIR}/Charts/Charts.framework",
				"${BUILT_PRODUCTS_DIR}/FSCalendar/FSCalendar.framework",
				"${BUILT_PRODUCTS_DIR}/GoogleToolboxForMac/GoogleToolboxForMac.framework",
				"${BUILT_PRODUCTS_DIR}/LGButton/LGButton.framework",
				"${BUILT_PRODUCTS_DIR}/SnapKit/SnapKit.framework",
				"${BUILT_PRODUCTS_DIR}/SwiftyJSON/SwiftyJSON.framework",
				"${BUILT_PRODUCTS_DIR}/nanopb/nanopb.framework",
			);
			name = "[CP] Embed Pods Frameworks";
			outputPaths = (
				"${TARGET_BUILD_DIR}/${FRAMEWORKS_FOLDER_PATH}/Alamofire.framework",
				"${TARGET_BUILD_DIR}/${FRAMEWORKS_FOLDER_PATH}/Charts.framework",
				"${TARGET_BUILD_DIR}/${FRAMEWORKS_FOLDER_PATH}/FSCalendar.framework",
				"${TARGET_BUILD_DIR}/${FRAMEWORKS_FOLDER_PATH}/GoogleToolboxForMac.framework",
				"${TARGET_BUILD_DIR}/${FRAMEWORKS_FOLDER_PATH}/LGButton.framework",
				"${TARGET_BUILD_DIR}/${FRAMEWORKS_FOLDER_PATH}/SnapKit.framework",
				"${TARGET_BUILD_DIR}/${FRAMEWORKS_FOLDER_PATH}/SwiftyJSON.framework",
				"${TARGET_BUILD_DIR}/${FRAMEWORKS_FOLDER_PATH}/nanopb.framework",
			);
			runOnlyForDeploymentPostprocessing = 0;
			shellPath = /bin/sh;
			shellScript = "\"${SRCROOT}/Pods/Target Support Files/Pods-IfCrypto/Pods-IfCrypto-frameworks.sh\"\n";
			showEnvVarsInLog = 0;
		};
/* End PBXShellScriptBuildPhase section */

/* Begin PBXSourcesBuildPhase section */
		2422EEEA1FD4A21A00454C08 /* Sources */ = {
			isa = PBXSourcesBuildPhase;
			buildActionMask = 2147483647;
			files = (
				247F6D881FE375A700B6F7AD /* IntroVC.swift in Sources */,
				2422EEF41FD4A21A00454C08 /* ViewController.swift in Sources */,
				24F41C811FE379A100077EB7 /* CalendarVC.swift in Sources */,
				24F41C851FE3805D00077EB7 /* CalculateVC.swift in Sources */,
				24F41C831FE37B0400077EB7 /* BoughtAmountVC.swift in Sources */,
				2422EF261FD7A20F00454C08 /* UnitSelectorViewController.swift in Sources */,
				2422EEF21FD4A21A00454C08 /* AppDelegate.swift in Sources */,
				2422EF241FD4CB4400454C08 /* CalendarSegue.swift in Sources */,
			);
			runOnlyForDeploymentPostprocessing = 0;
		};
		2422EEFE1FD4A21A00454C08 /* Sources */ = {
			isa = PBXSourcesBuildPhase;
			buildActionMask = 2147483647;
			files = (
				2422EF071FD4A21A00454C08 /* IfCryptoTests.swift in Sources */,
			);
			runOnlyForDeploymentPostprocessing = 0;
		};
		2422EF091FD4A21A00454C08 /* Sources */ = {
			isa = PBXSourcesBuildPhase;
			buildActionMask = 2147483647;
			files = (
				2422EF121FD4A21A00454C08 /* IfCryptoUITests.swift in Sources */,
			);
			runOnlyForDeploymentPostprocessing = 0;
		};
/* End PBXSourcesBuildPhase section */

/* Begin PBXTargetDependency section */
		2422EF041FD4A21A00454C08 /* PBXTargetDependency */ = {
			isa = PBXTargetDependency;
			target = 2422EEED1FD4A21A00454C08 /* IfCrypto */;
			targetProxy = 2422EF031FD4A21A00454C08 /* PBXContainerItemProxy */;
		};
		2422EF0F1FD4A21A00454C08 /* PBXTargetDependency */ = {
			isa = PBXTargetDependency;
			target = 2422EEED1FD4A21A00454C08 /* IfCrypto */;
			targetProxy = 2422EF0E1FD4A21A00454C08 /* PBXContainerItemProxy */;
		};
/* End PBXTargetDependency section */

/* Begin PBXVariantGroup section */
		2422EEF51FD4A21A00454C08 /* Main.storyboard */ = {
			isa = PBXVariantGroup;
			children = (
				2422EEF61FD4A21A00454C08 /* Base */,
			);
			name = Main.storyboard;
			sourceTree = "<group>";
		};
		2422EEFA1FD4A21A00454C08 /* LaunchScreen.storyboard */ = {
			isa = PBXVariantGroup;
			children = (
				2422EEFB1FD4A21A00454C08 /* Base */,
			);
			name = LaunchScreen.storyboard;
			sourceTree = "<group>";
		};
/* End PBXVariantGroup section */

/* Begin XCBuildConfiguration section */
		2422EF141FD4A21A00454C08 /* Debug */ = {
			isa = XCBuildConfiguration;
			buildSettings = {
				ALWAYS_SEARCH_USER_PATHS = NO;
				CLANG_ANALYZER_NONNULL = YES;
				CLANG_ANALYZER_NUMBER_OBJECT_CONVERSION = YES_AGGRESSIVE;
				CLANG_CXX_LANGUAGE_STANDARD = "gnu++14";
				CLANG_CXX_LIBRARY = "libc++";
				CLANG_ENABLE_MODULES = YES;
				CLANG_ENABLE_OBJC_ARC = YES;
				CLANG_WARN_BLOCK_CAPTURE_AUTORELEASING = YES;
				CLANG_WARN_BOOL_CONVERSION = YES;
				CLANG_WARN_COMMA = YES;
				CLANG_WARN_CONSTANT_CONVERSION = YES;
				CLANG_WARN_DIRECT_OBJC_ISA_USAGE = YES_ERROR;
				CLANG_WARN_DOCUMENTATION_COMMENTS = YES;
				CLANG_WARN_EMPTY_BODY = YES;
				CLANG_WARN_ENUM_CONVERSION = YES;
				CLANG_WARN_INFINITE_RECURSION = YES;
				CLANG_WARN_INT_CONVERSION = YES;
				CLANG_WARN_NON_LITERAL_NULL_CONVERSION = YES;
				CLANG_WARN_OBJC_LITERAL_CONVERSION = YES;
				CLANG_WARN_OBJC_ROOT_CLASS = YES_ERROR;
				CLANG_WARN_RANGE_LOOP_ANALYSIS = YES;
				CLANG_WARN_STRICT_PROTOTYPES = YES;
				CLANG_WARN_SUSPICIOUS_MOVE = YES;
				CLANG_WARN_UNGUARDED_AVAILABILITY = YES_AGGRESSIVE;
				CLANG_WARN_UNREACHABLE_CODE = YES;
				CLANG_WARN__DUPLICATE_METHOD_MATCH = YES;
				CODE_SIGN_IDENTITY = "iPhone Developer";
				COPY_PHASE_STRIP = NO;
				DEBUG_INFORMATION_FORMAT = dwarf;
				ENABLE_STRICT_OBJC_MSGSEND = YES;
				ENABLE_TESTABILITY = YES;
				GCC_C_LANGUAGE_STANDARD = gnu11;
				GCC_DYNAMIC_NO_PIC = NO;
				GCC_NO_COMMON_BLOCKS = YES;
				GCC_OPTIMIZATION_LEVEL = 0;
				GCC_PREPROCESSOR_DEFINITIONS = (
					"DEBUG=1",
					"$(inherited)",
				);
				GCC_WARN_64_TO_32_BIT_CONVERSION = YES;
				GCC_WARN_ABOUT_RETURN_TYPE = YES_ERROR;
				GCC_WARN_UNDECLARED_SELECTOR = YES;
				GCC_WARN_UNINITIALIZED_AUTOS = YES_AGGRESSIVE;
				GCC_WARN_UNUSED_FUNCTION = YES;
				GCC_WARN_UNUSED_VARIABLE = YES;
				IPHONEOS_DEPLOYMENT_TARGET = 9.0;
				MTL_ENABLE_DEBUG_INFO = YES;
				ONLY_ACTIVE_ARCH = YES;
				SDKROOT = iphoneos;
				SWIFT_ACTIVE_COMPILATION_CONDITIONS = DEBUG;
				SWIFT_OPTIMIZATION_LEVEL = "-Onone";
			};
			name = Debug;
		};
		2422EF151FD4A21A00454C08 /* Release */ = {
			isa = XCBuildConfiguration;
			buildSettings = {
				ALWAYS_SEARCH_USER_PATHS = NO;
				CLANG_ANALYZER_NONNULL = YES;
				CLANG_ANALYZER_NUMBER_OBJECT_CONVERSION = YES_AGGRESSIVE;
				CLANG_CXX_LANGUAGE_STANDARD = "gnu++14";
				CLANG_CXX_LIBRARY = "libc++";
				CLANG_ENABLE_MODULES = YES;
				CLANG_ENABLE_OBJC_ARC = YES;
				CLANG_WARN_BLOCK_CAPTURE_AUTORELEASING = YES;
				CLANG_WARN_BOOL_CONVERSION = YES;
				CLANG_WARN_COMMA = YES;
				CLANG_WARN_CONSTANT_CONVERSION = YES;
				CLANG_WARN_DIRECT_OBJC_ISA_USAGE = YES_ERROR;
				CLANG_WARN_DOCUMENTATION_COMMENTS = YES;
				CLANG_WARN_EMPTY_BODY = YES;
				CLANG_WARN_ENUM_CONVERSION = YES;
				CLANG_WARN_INFINITE_RECURSION = YES;
				CLANG_WARN_INT_CONVERSION = YES;
				CLANG_WARN_NON_LITERAL_NULL_CONVERSION = YES;
				CLANG_WARN_OBJC_LITERAL_CONVERSION = YES;
				CLANG_WARN_OBJC_ROOT_CLASS = YES_ERROR;
				CLANG_WARN_RANGE_LOOP_ANALYSIS = YES;
				CLANG_WARN_STRICT_PROTOTYPES = YES;
				CLANG_WARN_SUSPICIOUS_MOVE = YES;
				CLANG_WARN_UNGUARDED_AVAILABILITY = YES_AGGRESSIVE;
				CLANG_WARN_UNREACHABLE_CODE = YES;
				CLANG_WARN__DUPLICATE_METHOD_MATCH = YES;
				CODE_SIGN_IDENTITY = "iPhone Developer";
				COPY_PHASE_STRIP = NO;
				DEBUG_INFORMATION_FORMAT = "dwarf-with-dsym";
				ENABLE_NS_ASSERTIONS = NO;
				ENABLE_STRICT_OBJC_MSGSEND = YES;
				GCC_C_LANGUAGE_STANDARD = gnu11;
				GCC_NO_COMMON_BLOCKS = YES;
				GCC_WARN_64_TO_32_BIT_CONVERSION = YES;
				GCC_WARN_ABOUT_RETURN_TYPE = YES_ERROR;
				GCC_WARN_UNDECLARED_SELECTOR = YES;
				GCC_WARN_UNINITIALIZED_AUTOS = YES_AGGRESSIVE;
				GCC_WARN_UNUSED_FUNCTION = YES;
				GCC_WARN_UNUSED_VARIABLE = YES;
				IPHONEOS_DEPLOYMENT_TARGET = 9.0;
				MTL_ENABLE_DEBUG_INFO = NO;
				SDKROOT = iphoneos;
				SWIFT_OPTIMIZATION_LEVEL = "-Owholemodule";
				VALIDATE_PRODUCT = YES;
			};
			name = Release;
		};
		2422EF171FD4A21A00454C08 /* Debug */ = {
			isa = XCBuildConfiguration;
			baseConfigurationReference = 456EDB5EC6C345C655DEDFEF /* Pods-IfCrypto.debug.xcconfig */;
			buildSettings = {
				ASSETCATALOG_COMPILER_APPICON_NAME = AppIcon;
				CODE_SIGN_STYLE = Automatic;
				DEVELOPMENT_TEAM = C4588H2WW4;
				INFOPLIST_FILE = IfCrypto/Info.plist;
				IPHONEOS_DEPLOYMENT_TARGET = 9.0;
				LD_RUNPATH_SEARCH_PATHS = "$(inherited) @executable_path/Frameworks";
				PRODUCT_BUNDLE_IDENTIFIER = me.ModalApps.CryptoHindsight;
				PRODUCT_NAME = "$(TARGET_NAME)";
				SWIFT_VERSION = 4.0;
				TARGETED_DEVICE_FAMILY = "1,2";
			};
			name = Debug;
		};
		2422EF181FD4A21A00454C08 /* Release */ = {
			isa = XCBuildConfiguration;
			baseConfigurationReference = 2A71A60C87CCA0E71F076B0E /* Pods-IfCrypto.release.xcconfig */;
			buildSettings = {
				ASSETCATALOG_COMPILER_APPICON_NAME = AppIcon;
				CODE_SIGN_STYLE = Automatic;
				DEVELOPMENT_TEAM = C4588H2WW4;
				INFOPLIST_FILE = IfCrypto/Info.plist;
				IPHONEOS_DEPLOYMENT_TARGET = 9.0;
				LD_RUNPATH_SEARCH_PATHS = "$(inherited) @executable_path/Frameworks";
				PRODUCT_BUNDLE_IDENTIFIER = me.ModalApps.CryptoHindsight;
				PRODUCT_NAME = "$(TARGET_NAME)";
				SWIFT_VERSION = 4.0;
				TARGETED_DEVICE_FAMILY = "1,2";
			};
			name = Release;
		};
		2422EF1A1FD4A21A00454C08 /* Debug */ = {
			isa = XCBuildConfiguration;
			baseConfigurationReference = A6DE18FBE9F1DC61972AE177 /* Pods-IfCryptoTests.debug.xcconfig */;
			buildSettings = {
				ALWAYS_EMBED_SWIFT_STANDARD_LIBRARIES = YES;
				BUNDLE_LOADER = "$(TEST_HOST)";
				CODE_SIGN_STYLE = Automatic;
				DEVELOPMENT_TEAM = C4588H2WW4;
				INFOPLIST_FILE = IfCryptoTests/Info.plist;
				LD_RUNPATH_SEARCH_PATHS = "$(inherited) @executable_path/Frameworks @loader_path/Frameworks";
				PRODUCT_BUNDLE_IDENTIFIER = com.ModalApps.IfCryptoTests;
				PRODUCT_NAME = "$(TARGET_NAME)";
				SWIFT_VERSION = 4.0;
				TARGETED_DEVICE_FAMILY = "1,2";
				TEST_HOST = "$(BUILT_PRODUCTS_DIR)/IfCrypto.app/IfCrypto";
			};
			name = Debug;
		};
		2422EF1B1FD4A21A00454C08 /* Release */ = {
			isa = XCBuildConfiguration;
			baseConfigurationReference = 1512797397D1B00475E1E1CD /* Pods-IfCryptoTests.release.xcconfig */;
			buildSettings = {
				ALWAYS_EMBED_SWIFT_STANDARD_LIBRARIES = YES;
				BUNDLE_LOADER = "$(TEST_HOST)";
				CODE_SIGN_STYLE = Automatic;
				DEVELOPMENT_TEAM = C4588H2WW4;
				INFOPLIST_FILE = IfCryptoTests/Info.plist;
				LD_RUNPATH_SEARCH_PATHS = "$(inherited) @executable_path/Frameworks @loader_path/Frameworks";
				PRODUCT_BUNDLE_IDENTIFIER = com.ModalApps.IfCryptoTests;
				PRODUCT_NAME = "$(TARGET_NAME)";
				SWIFT_VERSION = 4.0;
				TARGETED_DEVICE_FAMILY = "1,2";
				TEST_HOST = "$(BUILT_PRODUCTS_DIR)/IfCrypto.app/IfCrypto";
			};
			name = Release;
		};
		2422EF1D1FD4A21A00454C08 /* Debug */ = {
			isa = XCBuildConfiguration;
			baseConfigurationReference = 0552FEB0090D4C8905284B6B /* Pods-IfCryptoUITests.debug.xcconfig */;
			buildSettings = {
				ALWAYS_EMBED_SWIFT_STANDARD_LIBRARIES = YES;
				CODE_SIGN_STYLE = Automatic;
				DEVELOPMENT_TEAM = C4588H2WW4;
				INFOPLIST_FILE = IfCryptoUITests/Info.plist;
				LD_RUNPATH_SEARCH_PATHS = "$(inherited) @executable_path/Frameworks @loader_path/Frameworks";
				PRODUCT_BUNDLE_IDENTIFIER = com.ModalApps.IfCryptoUITests;
				PRODUCT_NAME = "$(TARGET_NAME)";
				SWIFT_VERSION = 4.0;
				TARGETED_DEVICE_FAMILY = "1,2";
				TEST_TARGET_NAME = IfCrypto;
			};
			name = Debug;
		};
		2422EF1E1FD4A21A00454C08 /* Release */ = {
			isa = XCBuildConfiguration;
			baseConfigurationReference = 8317C21AB7EA571403621B85 /* Pods-IfCryptoUITests.release.xcconfig */;
			buildSettings = {
				ALWAYS_EMBED_SWIFT_STANDARD_LIBRARIES = YES;
				CODE_SIGN_STYLE = Automatic;
				DEVELOPMENT_TEAM = C4588H2WW4;
				INFOPLIST_FILE = IfCryptoUITests/Info.plist;
				LD_RUNPATH_SEARCH_PATHS = "$(inherited) @executable_path/Frameworks @loader_path/Frameworks";
				PRODUCT_BUNDLE_IDENTIFIER = com.ModalApps.IfCryptoUITests;
				PRODUCT_NAME = "$(TARGET_NAME)";
				SWIFT_VERSION = 4.0;
				TARGETED_DEVICE_FAMILY = "1,2";
				TEST_TARGET_NAME = IfCrypto;
			};
			name = Release;
		};
/* End XCBuildConfiguration section */

/* Begin XCConfigurationList section */
		2422EEE91FD4A21A00454C08 /* Build configuration list for PBXProject "IfCrypto" */ = {
			isa = XCConfigurationList;
			buildConfigurations = (
				2422EF141FD4A21A00454C08 /* Debug */,
				2422EF151FD4A21A00454C08 /* Release */,
			);
			defaultConfigurationIsVisible = 0;
			defaultConfigurationName = Release;
		};
		2422EF161FD4A21A00454C08 /* Build configuration list for PBXNativeTarget "IfCrypto" */ = {
			isa = XCConfigurationList;
			buildConfigurations = (
				2422EF171FD4A21A00454C08 /* Debug */,
				2422EF181FD4A21A00454C08 /* Release */,
			);
			defaultConfigurationIsVisible = 0;
			defaultConfigurationName = Release;
		};
		2422EF191FD4A21A00454C08 /* Build configuration list for PBXNativeTarget "IfCryptoTests" */ = {
			isa = XCConfigurationList;
			buildConfigurations = (
				2422EF1A1FD4A21A00454C08 /* Debug */,
				2422EF1B1FD4A21A00454C08 /* Release */,
			);
			defaultConfigurationIsVisible = 0;
			defaultConfigurationName = Release;
		};
		2422EF1C1FD4A21A00454C08 /* Build configuration list for PBXNativeTarget "IfCryptoUITests" */ = {
			isa = XCConfigurationList;
			buildConfigurations = (
				2422EF1D1FD4A21A00454C08 /* Debug */,
				2422EF1E1FD4A21A00454C08 /* Release */,
			);
			defaultConfigurationIsVisible = 0;
			defaultConfigurationName = Release;
		};
/* End XCConfigurationList section */
	};
	rootObject = 2422EEE61FD4A21A00454C08 /* Project object */;
}
